// !$*UTF8*$!
{
	archiveVersion = 1;
	classes = {
	};
	objectVersion = 56;
	objects = {

/* Begin PBXBuildFile section */
		D007895E297E89C900EB5AAE /* PaletteButtonView.swift in Sources */ = {isa = PBXBuildFile; fileRef = D007895D297E89C900EB5AAE /* PaletteButtonView.swift */; };
		D0078960297E8A8500EB5AAE /* PaletteButtonViewModel.swift in Sources */ = {isa = PBXBuildFile; fileRef = D007895F297E8A8500EB5AAE /* PaletteButtonViewModel.swift */; };
		D0078967297E961100EB5AAE /* PegFactory.swift in Sources */ = {isa = PBXBuildFile; fileRef = D0078966297E961100EB5AAE /* PegFactory.swift */; };
		D007896F297E9C6300EB5AAE /* Constants.swift in Sources */ = {isa = PBXBuildFile; fileRef = D007896E297E9C6300EB5AAE /* Constants.swift */; };
		D0078971297EA11400EB5AAE /* ActionView.swift in Sources */ = {isa = PBXBuildFile; fileRef = D0078970297EA11400EB5AAE /* ActionView.swift */; };
		D01E45A7297E6777003E28A8 /* PegView.swift in Sources */ = {isa = PBXBuildFile; fileRef = D01E45A6297E6777003E28A8 /* PegView.swift */; };
		D01E45A9297E6789003E28A8 /* PegViewModel.swift in Sources */ = {isa = PBXBuildFile; fileRef = D01E45A8297E6789003E28A8 /* PegViewModel.swift */; };
		D021AD8A29836B18001F63DD /* View+IsRendered.swift in Sources */ = {isa = PBXBuildFile; fileRef = D021AD8929836B18001F63DD /* View+IsRendered.swift */; };
		D021AD8E298397D2001F63DD /* LevelTests.swift in Sources */ = {isa = PBXBuildFile; fileRef = D021AD8D298397D2001F63DD /* LevelTests.swift */; };
		D021AD91298398CA001F63DD /* PeggleUITestsLaunchTests.swift in Sources */ = {isa = PBXBuildFile; fileRef = D021AD90298398CA001F63DD /* PeggleUITestsLaunchTests.swift */; };
		D021AD9329839907001F63DD /* PeggleUITests.swift in Sources */ = {isa = PBXBuildFile; fileRef = D021AD9229839907001F63DD /* PeggleUITests.swift */; };
		D03FFCAF29783B9000EFAD04 /* PeggleApp.swift in Sources */ = {isa = PBXBuildFile; fileRef = D03FFCAE29783B9000EFAD04 /* PeggleApp.swift */; };
		D03FFCB329783B9300EFAD04 /* Assets.xcassets in Resources */ = {isa = PBXBuildFile; fileRef = D03FFCB229783B9300EFAD04 /* Assets.xcassets */; };
		D03FFCB629783B9300EFAD04 /* Preview Assets.xcassets in Resources */ = {isa = PBXBuildFile; fileRef = D03FFCB529783B9300EFAD04 /* Preview Assets.xcassets */; };
		D04E7C472983A1DF008C5941 /* PegTests.swift in Sources */ = {isa = PBXBuildFile; fileRef = D04E7C462983A1DF008C5941 /* PegTests.swift */; };
		D04E7C4B2983AAFE008C5941 /* LevelListViewModelTests.swift in Sources */ = {isa = PBXBuildFile; fileRef = D04E7C4A2983AAFE008C5941 /* LevelListViewModelTests.swift */; };
		D04E7C4D2983D273008C5941 /* ActionViewModelTests.swift in Sources */ = {isa = PBXBuildFile; fileRef = D04E7C4C2983D273008C5941 /* ActionViewModelTests.swift */; };
		D04E7C4F2983F5B4008C5941 /* PegViewModelTests.swift in Sources */ = {isa = PBXBuildFile; fileRef = D04E7C4E2983F5B4008C5941 /* PegViewModelTests.swift */; };
		D04E7C51298439F2008C5941 /* BoardViewModelTests.swift in Sources */ = {isa = PBXBuildFile; fileRef = D04E7C50298439F2008C5941 /* BoardViewModelTests.swift */; };
		D04E7C5329844B72008C5941 /* PaletteButtonViewModelTests.swift in Sources */ = {isa = PBXBuildFile; fileRef = D04E7C5229844B72008C5941 /* PaletteButtonViewModelTests.swift */; };
		D04E7C5529844CF1008C5941 /* PaletteViewModelTests.swift in Sources */ = {isa = PBXBuildFile; fileRef = D04E7C5429844CF1008C5941 /* PaletteViewModelTests.swift */; };
		D04E7C5729845074008C5941 /* LevelDesignerViewModelTests.swift in Sources */ = {isa = PBXBuildFile; fileRef = D04E7C5629845074008C5941 /* LevelDesignerViewModelTests.swift */; };
		D07170B6297FBB4C00C0ABAF /* PersistenceController.swift in Sources */ = {isa = PBXBuildFile; fileRef = D07170B5297FBB4C00C0ABAF /* PersistenceController.swift */; };
		D07170BF297FD41F00C0ABAF /* Level.swift in Sources */ = {isa = PBXBuildFile; fileRef = D07170BE297FD41F00C0ABAF /* Level.swift */; };
		D08AEB792979672C00EA1590 /* LevelDesignerView.swift in Sources */ = {isa = PBXBuildFile; fileRef = D08AEB782979672C00EA1590 /* LevelDesignerView.swift */; };
		D08AEB7B2979682E00EA1590 /* LevelDesignerViewModel.swift in Sources */ = {isa = PBXBuildFile; fileRef = D08AEB7A2979682E00EA1590 /* LevelDesignerViewModel.swift */; };
		D08AEB7D29796A6D00EA1590 /* PaletteView.swift in Sources */ = {isa = PBXBuildFile; fileRef = D08AEB7C29796A6D00EA1590 /* PaletteView.swift */; };
		D08AEB7F29796AD300EA1590 /* PaletteViewModel.swift in Sources */ = {isa = PBXBuildFile; fileRef = D08AEB7E29796AD300EA1590 /* PaletteViewModel.swift */; };
		D0BF3F04297BC6C800354272 /* BoardView.swift in Sources */ = {isa = PBXBuildFile; fileRef = D0BF3F03297BC6C800354272 /* BoardView.swift */; };
		D0BF3F08297D6F3400354272 /* Peg.swift in Sources */ = {isa = PBXBuildFile; fileRef = D0BF3F07297D6F3400354272 /* Peg.swift */; };
		D0BF3F0A297D6FB200354272 /* CGPoint+Hashable.swift in Sources */ = {isa = PBXBuildFile; fileRef = D0BF3F09297D6FB200354272 /* CGPoint+Hashable.swift */; };
		D0BF3F0C297D70FC00354272 /* CGPoint+Distance.swift in Sources */ = {isa = PBXBuildFile; fileRef = D0BF3F0B297D70FC00354272 /* CGPoint+Distance.swift */; };
		D0BF3F10297D713100354272 /* BoardViewModel.swift in Sources */ = {isa = PBXBuildFile; fileRef = D0BF3F0F297D713100354272 /* BoardViewModel.swift */; };
		D0CB441D29825729008C5DAD /* LevelListView.swift in Sources */ = {isa = PBXBuildFile; fileRef = D0CB441C29825729008C5DAD /* LevelListView.swift */; };
		D0CB441F298298A4008C5DAD /* LevelListViewModel.swift in Sources */ = {isa = PBXBuildFile; fileRef = D0CB441E298298A4008C5DAD /* LevelListViewModel.swift */; };
		D0CB44212982DBEA008C5DAD /* ActionViewModel.swift in Sources */ = {isa = PBXBuildFile; fileRef = D0CB44202982DBEA008C5DAD /* ActionViewModel.swift */; };
		D0CB44232982F651008C5DAD /* View+HideKeyboard.swift in Sources */ = {isa = PBXBuildFile; fileRef = D0CB44222982F651008C5DAD /* View+HideKeyboard.swift */; };
/* End PBXBuildFile section */

/* Begin PBXContainerItemProxy section */
		D03FFCBC29783B9300EFAD04 /* PBXContainerItemProxy */ = {
			isa = PBXContainerItemProxy;
			containerPortal = D03FFCA329783B9000EFAD04 /* Project object */;
			proxyType = 1;
			remoteGlobalIDString = D03FFCAA29783B9000EFAD04;
			remoteInfo = Peggle;
		};
		D03FFCC629783B9300EFAD04 /* PBXContainerItemProxy */ = {
			isa = PBXContainerItemProxy;
			containerPortal = D03FFCA329783B9000EFAD04 /* Project object */;
			proxyType = 1;
			remoteGlobalIDString = D03FFCAA29783B9000EFAD04;
			remoteInfo = Peggle;
		};
/* End PBXContainerItemProxy section */

/* Begin PBXFileReference section */
		D007895D297E89C900EB5AAE /* PaletteButtonView.swift */ = {isa = PBXFileReference; lastKnownFileType = sourcecode.swift; path = PaletteButtonView.swift; sourceTree = "<group>"; };
		D007895F297E8A8500EB5AAE /* PaletteButtonViewModel.swift */ = {isa = PBXFileReference; lastKnownFileType = sourcecode.swift; path = PaletteButtonViewModel.swift; sourceTree = "<group>"; };
		D0078966297E961100EB5AAE /* PegFactory.swift */ = {isa = PBXFileReference; lastKnownFileType = sourcecode.swift; path = PegFactory.swift; sourceTree = "<group>"; };
		D007896E297E9C6300EB5AAE /* Constants.swift */ = {isa = PBXFileReference; lastKnownFileType = sourcecode.swift; path = Constants.swift; sourceTree = "<group>"; };
		D0078970297EA11400EB5AAE /* ActionView.swift */ = {isa = PBXFileReference; lastKnownFileType = sourcecode.swift; path = ActionView.swift; sourceTree = "<group>"; };
		D01E45A6297E6777003E28A8 /* PegView.swift */ = {isa = PBXFileReference; lastKnownFileType = sourcecode.swift; path = PegView.swift; sourceTree = "<group>"; };
		D01E45A8297E6789003E28A8 /* PegViewModel.swift */ = {isa = PBXFileReference; lastKnownFileType = sourcecode.swift; path = PegViewModel.swift; sourceTree = "<group>"; };
		D021AD8929836B18001F63DD /* View+IsRendered.swift */ = {isa = PBXFileReference; lastKnownFileType = sourcecode.swift; path = "View+IsRendered.swift"; sourceTree = "<group>"; };
		D021AD8D298397D2001F63DD /* LevelTests.swift */ = {isa = PBXFileReference; lastKnownFileType = sourcecode.swift; path = LevelTests.swift; sourceTree = "<group>"; };
		D021AD90298398CA001F63DD /* PeggleUITestsLaunchTests.swift */ = {isa = PBXFileReference; lastKnownFileType = sourcecode.swift; path = PeggleUITestsLaunchTests.swift; sourceTree = "<group>"; };
		D021AD9229839907001F63DD /* PeggleUITests.swift */ = {isa = PBXFileReference; lastKnownFileType = sourcecode.swift; path = PeggleUITests.swift; sourceTree = "<group>"; };
		D03FFCAB29783B9000EFAD04 /* Peggle.app */ = {isa = PBXFileReference; explicitFileType = wrapper.application; includeInIndex = 0; path = Peggle.app; sourceTree = BUILT_PRODUCTS_DIR; };
		D03FFCAE29783B9000EFAD04 /* PeggleApp.swift */ = {isa = PBXFileReference; lastKnownFileType = sourcecode.swift; path = PeggleApp.swift; sourceTree = "<group>"; };
		D03FFCB229783B9300EFAD04 /* Assets.xcassets */ = {isa = PBXFileReference; lastKnownFileType = folder.assetcatalog; path = Assets.xcassets; sourceTree = "<group>"; };
		D03FFCB529783B9300EFAD04 /* Preview Assets.xcassets */ = {isa = PBXFileReference; lastKnownFileType = folder.assetcatalog; path = "Preview Assets.xcassets"; sourceTree = "<group>"; };
		D03FFCBB29783B9300EFAD04 /* PeggleTests.xctest */ = {isa = PBXFileReference; explicitFileType = wrapper.cfbundle; includeInIndex = 0; path = PeggleTests.xctest; sourceTree = BUILT_PRODUCTS_DIR; };
		D03FFCC529783B9300EFAD04 /* PeggleUITests.xctest */ = {isa = PBXFileReference; explicitFileType = wrapper.cfbundle; includeInIndex = 0; path = PeggleUITests.xctest; sourceTree = BUILT_PRODUCTS_DIR; };
		D04E7C462983A1DF008C5941 /* PegTests.swift */ = {isa = PBXFileReference; lastKnownFileType = sourcecode.swift; path = PegTests.swift; sourceTree = "<group>"; };
		D04E7C4A2983AAFE008C5941 /* LevelListViewModelTests.swift */ = {isa = PBXFileReference; lastKnownFileType = sourcecode.swift; path = LevelListViewModelTests.swift; sourceTree = "<group>"; };
		D04E7C4C2983D273008C5941 /* ActionViewModelTests.swift */ = {isa = PBXFileReference; lastKnownFileType = sourcecode.swift; path = ActionViewModelTests.swift; sourceTree = "<group>"; };
		D04E7C4E2983F5B4008C5941 /* PegViewModelTests.swift */ = {isa = PBXFileReference; lastKnownFileType = sourcecode.swift; path = PegViewModelTests.swift; sourceTree = "<group>"; };
		D04E7C50298439F2008C5941 /* BoardViewModelTests.swift */ = {isa = PBXFileReference; lastKnownFileType = sourcecode.swift; path = BoardViewModelTests.swift; sourceTree = "<group>"; };
		D04E7C5229844B72008C5941 /* PaletteButtonViewModelTests.swift */ = {isa = PBXFileReference; lastKnownFileType = sourcecode.swift; path = PaletteButtonViewModelTests.swift; sourceTree = "<group>"; };
		D04E7C5429844CF1008C5941 /* PaletteViewModelTests.swift */ = {isa = PBXFileReference; lastKnownFileType = sourcecode.swift; path = PaletteViewModelTests.swift; sourceTree = "<group>"; };
		D04E7C5629845074008C5941 /* LevelDesignerViewModelTests.swift */ = {isa = PBXFileReference; lastKnownFileType = sourcecode.swift; path = LevelDesignerViewModelTests.swift; sourceTree = "<group>"; };
		D07170B5297FBB4C00C0ABAF /* PersistenceController.swift */ = {isa = PBXFileReference; lastKnownFileType = sourcecode.swift; path = PersistenceController.swift; sourceTree = "<group>"; };
		D07170BE297FD41F00C0ABAF /* Level.swift */ = {isa = PBXFileReference; lastKnownFileType = sourcecode.swift; path = Level.swift; sourceTree = "<group>"; };
		D08AEB782979672C00EA1590 /* LevelDesignerView.swift */ = {isa = PBXFileReference; lastKnownFileType = sourcecode.swift; path = LevelDesignerView.swift; sourceTree = "<group>"; };
		D08AEB7A2979682E00EA1590 /* LevelDesignerViewModel.swift */ = {isa = PBXFileReference; lastKnownFileType = sourcecode.swift; path = LevelDesignerViewModel.swift; sourceTree = "<group>"; };
		D08AEB7C29796A6D00EA1590 /* PaletteView.swift */ = {isa = PBXFileReference; lastKnownFileType = sourcecode.swift; path = PaletteView.swift; sourceTree = "<group>"; };
		D08AEB7E29796AD300EA1590 /* PaletteViewModel.swift */ = {isa = PBXFileReference; lastKnownFileType = sourcecode.swift; path = PaletteViewModel.swift; sourceTree = "<group>"; };
		D0BF3F03297BC6C800354272 /* BoardView.swift */ = {isa = PBXFileReference; lastKnownFileType = sourcecode.swift; path = BoardView.swift; sourceTree = "<group>"; };
		D0BF3F07297D6F3400354272 /* Peg.swift */ = {isa = PBXFileReference; lastKnownFileType = sourcecode.swift; path = Peg.swift; sourceTree = "<group>"; };
		D0BF3F09297D6FB200354272 /* CGPoint+Hashable.swift */ = {isa = PBXFileReference; lastKnownFileType = sourcecode.swift; path = "CGPoint+Hashable.swift"; sourceTree = "<group>"; };
		D0BF3F0B297D70FC00354272 /* CGPoint+Distance.swift */ = {isa = PBXFileReference; lastKnownFileType = sourcecode.swift; path = "CGPoint+Distance.swift"; sourceTree = "<group>"; };
		D0BF3F0F297D713100354272 /* BoardViewModel.swift */ = {isa = PBXFileReference; lastKnownFileType = sourcecode.swift; path = BoardViewModel.swift; sourceTree = "<group>"; };
		D0CB441C29825729008C5DAD /* LevelListView.swift */ = {isa = PBXFileReference; lastKnownFileType = sourcecode.swift; path = LevelListView.swift; sourceTree = "<group>"; };
		D0CB441E298298A4008C5DAD /* LevelListViewModel.swift */ = {isa = PBXFileReference; lastKnownFileType = sourcecode.swift; path = LevelListViewModel.swift; sourceTree = "<group>"; };
		D0CB44202982DBEA008C5DAD /* ActionViewModel.swift */ = {isa = PBXFileReference; lastKnownFileType = sourcecode.swift; path = ActionViewModel.swift; sourceTree = "<group>"; };
		D0CB44222982F651008C5DAD /* View+HideKeyboard.swift */ = {isa = PBXFileReference; lastKnownFileType = sourcecode.swift; path = "View+HideKeyboard.swift"; sourceTree = "<group>"; };
/* End PBXFileReference section */

/* Begin PBXFrameworksBuildPhase section */
		D03FFCA829783B9000EFAD04 /* Frameworks */ = {
			isa = PBXFrameworksBuildPhase;
			buildActionMask = 2147483647;
			files = (
			);
			runOnlyForDeploymentPostprocessing = 0;
		};
		D03FFCB829783B9300EFAD04 /* Frameworks */ = {
			isa = PBXFrameworksBuildPhase;
			buildActionMask = 2147483647;
			files = (
			);
			runOnlyForDeploymentPostprocessing = 0;
		};
		D03FFCC229783B9300EFAD04 /* Frameworks */ = {
			isa = PBXFrameworksBuildPhase;
			buildActionMask = 2147483647;
			files = (
			);
			runOnlyForDeploymentPostprocessing = 0;
		};
/* End PBXFrameworksBuildPhase section */

/* Begin PBXGroup section */
		D0078961297E953700EB5AAE /* Views */ = {
			isa = PBXGroup;
			children = (
				D08AEB782979672C00EA1590 /* LevelDesignerView.swift */,
				D08AEB7C29796A6D00EA1590 /* PaletteView.swift */,
				D007895D297E89C900EB5AAE /* PaletteButtonView.swift */,
				D0BF3F03297BC6C800354272 /* BoardView.swift */,
				D01E45A6297E6777003E28A8 /* PegView.swift */,
				D0078970297EA11400EB5AAE /* ActionView.swift */,
				D0CB441C29825729008C5DAD /* LevelListView.swift */,
			);
			path = Views;
			sourceTree = "<group>";
		};
		D0078962297E955A00EB5AAE /* ViewModels */ = {
			isa = PBXGroup;
			children = (
				D08AEB7A2979682E00EA1590 /* LevelDesignerViewModel.swift */,
				D08AEB7E29796AD300EA1590 /* PaletteViewModel.swift */,
				D007895F297E8A8500EB5AAE /* PaletteButtonViewModel.swift */,
				D0BF3F0F297D713100354272 /* BoardViewModel.swift */,
				D01E45A8297E6789003E28A8 /* PegViewModel.swift */,
				D0CB44202982DBEA008C5DAD /* ActionViewModel.swift */,
				D0CB441E298298A4008C5DAD /* LevelListViewModel.swift */,
			);
			path = ViewModels;
			sourceTree = "<group>";
		};
		D0078963297E958900EB5AAE /* Lifecycle */ = {
			isa = PBXGroup;
			children = (
				D03FFCAE29783B9000EFAD04 /* PeggleApp.swift */,
			);
			path = Lifecycle;
			sourceTree = "<group>";
		};
		D0078964297E95A200EB5AAE /* Models */ = {
			isa = PBXGroup;
			children = (
				D07170BE297FD41F00C0ABAF /* Level.swift */,
				D0BF3F07297D6F3400354272 /* Peg.swift */,
			);
			path = Models;
			sourceTree = "<group>";
		};
		D0078965297E960400EB5AAE /* Utilities */ = {
			isa = PBXGroup;
			children = (
				D0078966297E961100EB5AAE /* PegFactory.swift */,
			);
			path = Utilities;
			sourceTree = "<group>";
		};
		D0078968297E962A00EB5AAE /* Extensions */ = {
			isa = PBXGroup;
			children = (
				D0BF3F09297D6FB200354272 /* CGPoint+Hashable.swift */,
				D0BF3F0B297D70FC00354272 /* CGPoint+Distance.swift */,
				D0CB44222982F651008C5DAD /* View+HideKeyboard.swift */,
				D021AD8929836B18001F63DD /* View+IsRendered.swift */,
			);
			path = Extensions;
			sourceTree = "<group>";
		};
		D0078969297E979300EB5AAE /* Constants */ = {
			isa = PBXGroup;
			children = (
				D007896E297E9C6300EB5AAE /* Constants.swift */,
			);
			path = Constants;
			sourceTree = "<group>";
		};
		D021AD8B2983977A001F63DD /* PeggleTests */ = {
			isa = PBXGroup;
			children = (
				D04E7C482983AAB7008C5941 /* Models */,
				D04E7C492983AAD9008C5941 /* ViewModels */,
			);
			path = PeggleTests;
			sourceTree = "<group>";
		};
		D021AD8F29839893001F63DD /* PeggleUITests */ = {
			isa = PBXGroup;
			children = (
				D021AD90298398CA001F63DD /* PeggleUITestsLaunchTests.swift */,
				D021AD9229839907001F63DD /* PeggleUITests.swift */,
			);
			path = PeggleUITests;
			sourceTree = "<group>";
		};
		D03FFCA229783B9000EFAD04 = {
			isa = PBXGroup;
			children = (
				D03FFCAD29783B9000EFAD04 /* Peggle */,
				D021AD8B2983977A001F63DD /* PeggleTests */,
				D021AD8F29839893001F63DD /* PeggleUITests */,
				D03FFCAC29783B9000EFAD04 /* Products */,
			);
			sourceTree = "<group>";
		};
		D03FFCAC29783B9000EFAD04 /* Products */ = {
			isa = PBXGroup;
			children = (
				D03FFCAB29783B9000EFAD04 /* Peggle.app */,
				D03FFCBB29783B9300EFAD04 /* PeggleTests.xctest */,
				D03FFCC529783B9300EFAD04 /* PeggleUITests.xctest */,
			);
			name = Products;
			sourceTree = "<group>";
		};
		D03FFCAD29783B9000EFAD04 /* Peggle */ = {
			isa = PBXGroup;
			children = (
				D0078963297E958900EB5AAE /* Lifecycle */,
				D0078961297E953700EB5AAE /* Views */,
				D0078962297E955A00EB5AAE /* ViewModels */,
				D0078964297E95A200EB5AAE /* Models */,
				D0078968297E962A00EB5AAE /* Extensions */,
				D07170B4297FBA3F00C0ABAF /* Persistence */,
				D0078965297E960400EB5AAE /* Utilities */,
				D0078969297E979300EB5AAE /* Constants */,
				D03FFCB229783B9300EFAD04 /* Assets.xcassets */,
				D03FFCB429783B9300EFAD04 /* Preview Content */,
			);
			path = Peggle;
			sourceTree = "<group>";
		};
		D03FFCB429783B9300EFAD04 /* Preview Content */ = {
			isa = PBXGroup;
			children = (
				D03FFCB529783B9300EFAD04 /* Preview Assets.xcassets */,
			);
			path = "Preview Content";
			sourceTree = "<group>";
		};
		D04E7C482983AAB7008C5941 /* Models */ = {
			isa = PBXGroup;
			children = (
				D021AD8D298397D2001F63DD /* LevelTests.swift */,
				D04E7C462983A1DF008C5941 /* PegTests.swift */,
			);
			path = Models;
			sourceTree = "<group>";
		};
		D04E7C492983AAD9008C5941 /* ViewModels */ = {
			isa = PBXGroup;
			children = (
				D04E7C5629845074008C5941 /* LevelDesignerViewModelTests.swift */,
				D04E7C5429844CF1008C5941 /* PaletteViewModelTests.swift */,
				D04E7C5229844B72008C5941 /* PaletteButtonViewModelTests.swift */,
				D04E7C50298439F2008C5941 /* BoardViewModelTests.swift */,
				D04E7C4E2983F5B4008C5941 /* PegViewModelTests.swift */,
				D04E7C4C2983D273008C5941 /* ActionViewModelTests.swift */,
				D04E7C4A2983AAFE008C5941 /* LevelListViewModelTests.swift */,
			);
			path = ViewModels;
			sourceTree = "<group>";
		};
		D07170B4297FBA3F00C0ABAF /* Persistence */ = {
			isa = PBXGroup;
			children = (
				D07170B5297FBB4C00C0ABAF /* PersistenceController.swift */,
			);
			path = Persistence;
			sourceTree = "<group>";
		};
/* End PBXGroup section */

/* Begin PBXNativeTarget section */
		D03FFCAA29783B9000EFAD04 /* Peggle */ = {
			isa = PBXNativeTarget;
			buildConfigurationList = D03FFCCF29783B9300EFAD04 /* Build configuration list for PBXNativeTarget "Peggle" */;
			buildPhases = (
				D0078972297EA64A00EB5AAE /* Run SwiftLint */,
				D03FFCA729783B9000EFAD04 /* Sources */,
				D03FFCA829783B9000EFAD04 /* Frameworks */,
				D03FFCA929783B9000EFAD04 /* Resources */,
			);
			buildRules = (
			);
			dependencies = (
			);
			name = Peggle;
			productName = Peggle;
			productReference = D03FFCAB29783B9000EFAD04 /* Peggle.app */;
			productType = "com.apple.product-type.application";
		};
		D03FFCBA29783B9300EFAD04 /* PeggleTests */ = {
			isa = PBXNativeTarget;
			buildConfigurationList = D03FFCD229783B9300EFAD04 /* Build configuration list for PBXNativeTarget "PeggleTests" */;
			buildPhases = (
				D03FFCB729783B9300EFAD04 /* Sources */,
				D03FFCB829783B9300EFAD04 /* Frameworks */,
				D03FFCB929783B9300EFAD04 /* Resources */,
			);
			buildRules = (
			);
			dependencies = (
				D03FFCBD29783B9300EFAD04 /* PBXTargetDependency */,
			);
			name = PeggleTests;
			productName = PeggleTests;
			productReference = D03FFCBB29783B9300EFAD04 /* PeggleTests.xctest */;
			productType = "com.apple.product-type.bundle.unit-test";
		};
		D03FFCC429783B9300EFAD04 /* PeggleUITests */ = {
			isa = PBXNativeTarget;
			buildConfigurationList = D03FFCD529783B9300EFAD04 /* Build configuration list for PBXNativeTarget "PeggleUITests" */;
			buildPhases = (
				D03FFCC129783B9300EFAD04 /* Sources */,
				D03FFCC229783B9300EFAD04 /* Frameworks */,
				D03FFCC329783B9300EFAD04 /* Resources */,
			);
			buildRules = (
			);
			dependencies = (
				D03FFCC729783B9300EFAD04 /* PBXTargetDependency */,
			);
			name = PeggleUITests;
			productName = PeggleUITests;
			productReference = D03FFCC529783B9300EFAD04 /* PeggleUITests.xctest */;
			productType = "com.apple.product-type.bundle.ui-testing";
		};
/* End PBXNativeTarget section */

/* Begin PBXProject section */
		D03FFCA329783B9000EFAD04 /* Project object */ = {
			isa = PBXProject;
			attributes = {
				BuildIndependentTargetsInParallel = 1;
				LastSwiftUpdateCheck = 1420;
				LastUpgradeCheck = 1420;
				TargetAttributes = {
					D03FFCAA29783B9000EFAD04 = {
						CreatedOnToolsVersion = 14.2;
					};
					D03FFCBA29783B9300EFAD04 = {
						CreatedOnToolsVersion = 14.2;
						LastSwiftMigration = 1420;
						TestTargetID = D03FFCAA29783B9000EFAD04;
					};
					D03FFCC429783B9300EFAD04 = {
						CreatedOnToolsVersion = 14.2;
						LastSwiftMigration = 1420;
						TestTargetID = D03FFCAA29783B9000EFAD04;
					};
				};
			};
			buildConfigurationList = D03FFCA629783B9000EFAD04 /* Build configuration list for PBXProject "Peggle" */;
			compatibilityVersion = "Xcode 14.0";
			developmentRegion = en;
			hasScannedForEncodings = 0;
			knownRegions = (
				en,
				Base,
			);
			mainGroup = D03FFCA229783B9000EFAD04;
			productRefGroup = D03FFCAC29783B9000EFAD04 /* Products */;
			projectDirPath = "";
			projectRoot = "";
			targets = (
				D03FFCAA29783B9000EFAD04 /* Peggle */,
				D03FFCBA29783B9300EFAD04 /* PeggleTests */,
				D03FFCC429783B9300EFAD04 /* PeggleUITests */,
			);
		};
/* End PBXProject section */

/* Begin PBXResourcesBuildPhase section */
		D03FFCA929783B9000EFAD04 /* Resources */ = {
			isa = PBXResourcesBuildPhase;
			buildActionMask = 2147483647;
			files = (
				D03FFCB629783B9300EFAD04 /* Preview Assets.xcassets in Resources */,
				D03FFCB329783B9300EFAD04 /* Assets.xcassets in Resources */,
			);
			runOnlyForDeploymentPostprocessing = 0;
		};
		D03FFCB929783B9300EFAD04 /* Resources */ = {
			isa = PBXResourcesBuildPhase;
			buildActionMask = 2147483647;
			files = (
			);
			runOnlyForDeploymentPostprocessing = 0;
		};
		D03FFCC329783B9300EFAD04 /* Resources */ = {
			isa = PBXResourcesBuildPhase;
			buildActionMask = 2147483647;
			files = (
			);
			runOnlyForDeploymentPostprocessing = 0;
		};
/* End PBXResourcesBuildPhase section */

/* Begin PBXShellScriptBuildPhase section */
		D0078972297EA64A00EB5AAE /* Run SwiftLint */ = {
			isa = PBXShellScriptBuildPhase;
			alwaysOutOfDate = 1;
			buildActionMask = 2147483647;
			files = (
			);
			inputFileListPaths = (
			);
			inputPaths = (
			);
			name = "Run SwiftLint";
			outputFileListPaths = (
			);
			outputPaths = (
			);
			runOnlyForDeploymentPostprocessing = 0;
			shellPath = /bin/sh;
			shellScript = "export PATH=\"$PATH:/opt/homebrew/bin\"\nif which swiftlint >/dev/null; then\n  swiftlint --fix && swiftlint\nelse\n  echo \"warning: SwiftLint not installed, download from https://github.com/realm/SwiftLint\"\nfi\n";
		};
/* End PBXShellScriptBuildPhase section */

/* Begin PBXSourcesBuildPhase section */
		D03FFCA729783B9000EFAD04 /* Sources */ = {
			isa = PBXSourcesBuildPhase;
			buildActionMask = 2147483647;
			files = (
				D08AEB7F29796AD300EA1590 /* PaletteViewModel.swift in Sources */,
				D08AEB7B2979682E00EA1590 /* LevelDesignerViewModel.swift in Sources */,
				D08AEB792979672C00EA1590 /* LevelDesignerView.swift in Sources */,
				D021AD8A29836B18001F63DD /* View+IsRendered.swift in Sources */,
				D07170B6297FBB4C00C0ABAF /* PersistenceController.swift in Sources */,
				D0BF3F08297D6F3400354272 /* Peg.swift in Sources */,
				D0BF3F0A297D6FB200354272 /* CGPoint+Hashable.swift in Sources */,
				D01E45A9297E6789003E28A8 /* PegViewModel.swift in Sources */,
				D0BF3F0C297D70FC00354272 /* CGPoint+Distance.swift in Sources */,
				D08AEB7D29796A6D00EA1590 /* PaletteView.swift in Sources */,
				D007895E297E89C900EB5AAE /* PaletteButtonView.swift in Sources */,
				D0CB44212982DBEA008C5DAD /* ActionViewModel.swift in Sources */,
				D03FFCAF29783B9000EFAD04 /* PeggleApp.swift in Sources */,
				D0CB441F298298A4008C5DAD /* LevelListViewModel.swift in Sources */,
				D01E45A7297E6777003E28A8 /* PegView.swift in Sources */,
				D0BF3F04297BC6C800354272 /* BoardView.swift in Sources */,
				D0CB441D29825729008C5DAD /* LevelListView.swift in Sources */,
				D07170BF297FD41F00C0ABAF /* Level.swift in Sources */,
				D0078971297EA11400EB5AAE /* ActionView.swift in Sources */,
				D0CB44232982F651008C5DAD /* View+HideKeyboard.swift in Sources */,
				D0078960297E8A8500EB5AAE /* PaletteButtonViewModel.swift in Sources */,
				D0BF3F10297D713100354272 /* BoardViewModel.swift in Sources */,
				D0078967297E961100EB5AAE /* PegFactory.swift in Sources */,
				D007896F297E9C6300EB5AAE /* Constants.swift in Sources */,
			);
			runOnlyForDeploymentPostprocessing = 0;
		};
		D03FFCB729783B9300EFAD04 /* Sources */ = {
			isa = PBXSourcesBuildPhase;
			buildActionMask = 2147483647;
			files = (
				D04E7C4B2983AAFE008C5941 /* LevelListViewModelTests.swift in Sources */,
				D04E7C472983A1DF008C5941 /* PegTests.swift in Sources */,
				D04E7C4D2983D273008C5941 /* ActionViewModelTests.swift in Sources */,
				D04E7C4F2983F5B4008C5941 /* PegViewModelTests.swift in Sources */,
				D04E7C5729845074008C5941 /* LevelDesignerViewModelTests.swift in Sources */,
				D04E7C5529844CF1008C5941 /* PaletteViewModelTests.swift in Sources */,
				D021AD8E298397D2001F63DD /* LevelTests.swift in Sources */,
				D04E7C5329844B72008C5941 /* PaletteButtonViewModelTests.swift in Sources */,
				D04E7C51298439F2008C5941 /* BoardViewModelTests.swift in Sources */,
			);
			runOnlyForDeploymentPostprocessing = 0;
		};
		D03FFCC129783B9300EFAD04 /* Sources */ = {
			isa = PBXSourcesBuildPhase;
			buildActionMask = 2147483647;
			files = (
				D021AD91298398CA001F63DD /* PeggleUITestsLaunchTests.swift in Sources */,
				D021AD9329839907001F63DD /* PeggleUITests.swift in Sources */,
			);
			runOnlyForDeploymentPostprocessing = 0;
		};
/* End PBXSourcesBuildPhase section */

/* Begin PBXTargetDependency section */
		D03FFCBD29783B9300EFAD04 /* PBXTargetDependency */ = {
			isa = PBXTargetDependency;
			target = D03FFCAA29783B9000EFAD04 /* Peggle */;
			targetProxy = D03FFCBC29783B9300EFAD04 /* PBXContainerItemProxy */;
		};
		D03FFCC729783B9300EFAD04 /* PBXTargetDependency */ = {
			isa = PBXTargetDependency;
			target = D03FFCAA29783B9000EFAD04 /* Peggle */;
			targetProxy = D03FFCC629783B9300EFAD04 /* PBXContainerItemProxy */;
		};
/* End PBXTargetDependency section */

/* Begin XCBuildConfiguration section */
		D03FFCCD29783B9300EFAD04 /* Debug */ = {
			isa = XCBuildConfiguration;
			buildSettings = {
				ALWAYS_SEARCH_USER_PATHS = NO;
				CLANG_ANALYZER_NONNULL = YES;
				CLANG_ANALYZER_NUMBER_OBJECT_CONVERSION = YES_AGGRESSIVE;
				CLANG_CXX_LANGUAGE_STANDARD = "gnu++20";
				CLANG_ENABLE_MODULES = YES;
				CLANG_ENABLE_OBJC_ARC = YES;
				CLANG_ENABLE_OBJC_WEAK = YES;
				CLANG_WARN_BLOCK_CAPTURE_AUTORELEASING = YES;
				CLANG_WARN_BOOL_CONVERSION = YES;
				CLANG_WARN_COMMA = YES;
				CLANG_WARN_CONSTANT_CONVERSION = YES;
				CLANG_WARN_DEPRECATED_OBJC_IMPLEMENTATIONS = YES;
				CLANG_WARN_DIRECT_OBJC_ISA_USAGE = YES_ERROR;
				CLANG_WARN_DOCUMENTATION_COMMENTS = YES;
				CLANG_WARN_EMPTY_BODY = YES;
				CLANG_WARN_ENUM_CONVERSION = YES;
				CLANG_WARN_INFINITE_RECURSION = YES;
				CLANG_WARN_INT_CONVERSION = YES;
				CLANG_WARN_NON_LITERAL_NULL_CONVERSION = YES;
				CLANG_WARN_OBJC_IMPLICIT_RETAIN_SELF = YES;
				CLANG_WARN_OBJC_LITERAL_CONVERSION = YES;
				CLANG_WARN_OBJC_ROOT_CLASS = YES_ERROR;
				CLANG_WARN_QUOTED_INCLUDE_IN_FRAMEWORK_HEADER = YES;
				CLANG_WARN_RANGE_LOOP_ANALYSIS = YES;
				CLANG_WARN_STRICT_PROTOTYPES = YES;
				CLANG_WARN_SUSPICIOUS_MOVE = YES;
				CLANG_WARN_UNGUARDED_AVAILABILITY = YES_AGGRESSIVE;
				CLANG_WARN_UNREACHABLE_CODE = YES;
				CLANG_WARN__DUPLICATE_METHOD_MATCH = YES;
				COPY_PHASE_STRIP = NO;
				DEBUG_INFORMATION_FORMAT = dwarf;
				ENABLE_STRICT_OBJC_MSGSEND = YES;
				ENABLE_TESTABILITY = YES;
				GCC_C_LANGUAGE_STANDARD = gnu11;
				GCC_DYNAMIC_NO_PIC = NO;
				GCC_NO_COMMON_BLOCKS = YES;
				GCC_OPTIMIZATION_LEVEL = 0;
				GCC_PREPROCESSOR_DEFINITIONS = (
					"DEBUG=1",
					"$(inherited)",
				);
				GCC_WARN_64_TO_32_BIT_CONVERSION = YES;
				GCC_WARN_ABOUT_RETURN_TYPE = YES_ERROR;
				GCC_WARN_UNDECLARED_SELECTOR = YES;
				GCC_WARN_UNINITIALIZED_AUTOS = YES_AGGRESSIVE;
				GCC_WARN_UNUSED_FUNCTION = YES;
				GCC_WARN_UNUSED_VARIABLE = YES;
				IPHONEOS_DEPLOYMENT_TARGET = 16.2;
				MTL_ENABLE_DEBUG_INFO = INCLUDE_SOURCE;
				MTL_FAST_MATH = YES;
				ONLY_ACTIVE_ARCH = YES;
				SDKROOT = iphoneos;
				SWIFT_ACTIVE_COMPILATION_CONDITIONS = DEBUG;
				SWIFT_OPTIMIZATION_LEVEL = "-Onone";
			};
			name = Debug;
		};
		D03FFCCE29783B9300EFAD04 /* Release */ = {
			isa = XCBuildConfiguration;
			buildSettings = {
				ALWAYS_SEARCH_USER_PATHS = NO;
				CLANG_ANALYZER_NONNULL = YES;
				CLANG_ANALYZER_NUMBER_OBJECT_CONVERSION = YES_AGGRESSIVE;
				CLANG_CXX_LANGUAGE_STANDARD = "gnu++20";
				CLANG_ENABLE_MODULES = YES;
				CLANG_ENABLE_OBJC_ARC = YES;
				CLANG_ENABLE_OBJC_WEAK = YES;
				CLANG_WARN_BLOCK_CAPTURE_AUTORELEASING = YES;
				CLANG_WARN_BOOL_CONVERSION = YES;
				CLANG_WARN_COMMA = YES;
				CLANG_WARN_CONSTANT_CONVERSION = YES;
				CLANG_WARN_DEPRECATED_OBJC_IMPLEMENTATIONS = YES;
				CLANG_WARN_DIRECT_OBJC_ISA_USAGE = YES_ERROR;
				CLANG_WARN_DOCUMENTATION_COMMENTS = YES;
				CLANG_WARN_EMPTY_BODY = YES;
				CLANG_WARN_ENUM_CONVERSION = YES;
				CLANG_WARN_INFINITE_RECURSION = YES;
				CLANG_WARN_INT_CONVERSION = YES;
				CLANG_WARN_NON_LITERAL_NULL_CONVERSION = YES;
				CLANG_WARN_OBJC_IMPLICIT_RETAIN_SELF = YES;
				CLANG_WARN_OBJC_LITERAL_CONVERSION = YES;
				CLANG_WARN_OBJC_ROOT_CLASS = YES_ERROR;
				CLANG_WARN_QUOTED_INCLUDE_IN_FRAMEWORK_HEADER = YES;
				CLANG_WARN_RANGE_LOOP_ANALYSIS = YES;
				CLANG_WARN_STRICT_PROTOTYPES = YES;
				CLANG_WARN_SUSPICIOUS_MOVE = YES;
				CLANG_WARN_UNGUARDED_AVAILABILITY = YES_AGGRESSIVE;
				CLANG_WARN_UNREACHABLE_CODE = YES;
				CLANG_WARN__DUPLICATE_METHOD_MATCH = YES;
				COPY_PHASE_STRIP = NO;
				DEBUG_INFORMATION_FORMAT = "dwarf-with-dsym";
				ENABLE_NS_ASSERTIONS = NO;
				ENABLE_STRICT_OBJC_MSGSEND = YES;
				GCC_C_LANGUAGE_STANDARD = gnu11;
				GCC_NO_COMMON_BLOCKS = YES;
				GCC_WARN_64_TO_32_BIT_CONVERSION = YES;
				GCC_WARN_ABOUT_RETURN_TYPE = YES_ERROR;
				GCC_WARN_UNDECLARED_SELECTOR = YES;
				GCC_WARN_UNINITIALIZED_AUTOS = YES_AGGRESSIVE;
				GCC_WARN_UNUSED_FUNCTION = YES;
				GCC_WARN_UNUSED_VARIABLE = YES;
				IPHONEOS_DEPLOYMENT_TARGET = 16.2;
				MTL_ENABLE_DEBUG_INFO = NO;
				MTL_FAST_MATH = YES;
				SDKROOT = iphoneos;
				SWIFT_COMPILATION_MODE = wholemodule;
				SWIFT_OPTIMIZATION_LEVEL = "-O";
				VALIDATE_PRODUCT = YES;
			};
			name = Release;
		};
		D03FFCD029783B9300EFAD04 /* Debug */ = {
			isa = XCBuildConfiguration;
			buildSettings = {
				ASSETCATALOG_COMPILER_APPICON_NAME = AppIcon;
				ASSETCATALOG_COMPILER_GLOBAL_ACCENT_COLOR_NAME = AccentColor;
				CODE_SIGN_STYLE = Automatic;
				CURRENT_PROJECT_VERSION = 1;
				DEVELOPMENT_ASSET_PATHS = "\"Peggle/Preview Content\"";
				DEVELOPMENT_TEAM = X77GX48L42;
				ENABLE_PREVIEWS = YES;
				GENERATE_INFOPLIST_FILE = YES;
				INFOPLIST_KEY_UIApplicationSceneManifest_Generation = YES;
				INFOPLIST_KEY_UIApplicationSupportsIndirectInputEvents = YES;
				INFOPLIST_KEY_UILaunchScreen_Generation = YES;
				INFOPLIST_KEY_UIRequiresFullScreen = YES;
				INFOPLIST_KEY_UISupportedInterfaceOrientations_iPad = "UIInterfaceOrientationPortrait UIInterfaceOrientationPortraitUpsideDown";
				LD_RUNPATH_SEARCH_PATHS = (
					"$(inherited)",
					"@executable_path/Frameworks",
				);
				MARKETING_VERSION = 1.0;
				PRODUCT_BUNDLE_IDENTIFIER = com.petermonky.Peggle;
				PRODUCT_NAME = "$(TARGET_NAME)";
				SWIFT_EMIT_LOC_STRINGS = YES;
				SWIFT_VERSION = 5.0;
				TARGETED_DEVICE_FAMILY = "1,2";
			};
			name = Debug;
		};
		D03FFCD129783B9300EFAD04 /* Release */ = {
			isa = XCBuildConfiguration;
			buildSettings = {
				ASSETCATALOG_COMPILER_APPICON_NAME = AppIcon;
				ASSETCATALOG_COMPILER_GLOBAL_ACCENT_COLOR_NAME = AccentColor;
				CODE_SIGN_STYLE = Automatic;
				CURRENT_PROJECT_VERSION = 1;
				DEVELOPMENT_ASSET_PATHS = "\"Peggle/Preview Content\"";
				DEVELOPMENT_TEAM = X77GX48L42;
				ENABLE_PREVIEWS = YES;
				GENERATE_INFOPLIST_FILE = YES;
				INFOPLIST_KEY_UIApplicationSceneManifest_Generation = YES;
				INFOPLIST_KEY_UIApplicationSupportsIndirectInputEvents = YES;
				INFOPLIST_KEY_UILaunchScreen_Generation = YES;
				INFOPLIST_KEY_UIRequiresFullScreen = YES;
				INFOPLIST_KEY_UISupportedInterfaceOrientations_iPad = "UIInterfaceOrientationPortrait UIInterfaceOrientationPortraitUpsideDown";
				LD_RUNPATH_SEARCH_PATHS = (
					"$(inherited)",
					"@executable_path/Frameworks",
				);
				MARKETING_VERSION = 1.0;
				PRODUCT_BUNDLE_IDENTIFIER = com.petermonky.Peggle;
				PRODUCT_NAME = "$(TARGET_NAME)";
				SWIFT_EMIT_LOC_STRINGS = YES;
				SWIFT_VERSION = 5.0;
				TARGETED_DEVICE_FAMILY = "1,2";
			};
			name = Release;
		};
		D03FFCD329783B9300EFAD04 /* Debug */ = {
			isa = XCBuildConfiguration;
			buildSettings = {
				ALWAYS_EMBED_SWIFT_STANDARD_LIBRARIES = YES;
				BUNDLE_LOADER = "$(TEST_HOST)";
				CLANG_ENABLE_MODULES = YES;
				CODE_SIGN_STYLE = Automatic;
				CURRENT_PROJECT_VERSION = 1;
				DEVELOPMENT_TEAM = X77GX48L42;
				GENERATE_INFOPLIST_FILE = YES;
				IPHONEOS_DEPLOYMENT_TARGET = 16.2;
				LD_RUNPATH_SEARCH_PATHS = (
					"$(inherited)",
					"@executable_path/Frameworks",
					"@loader_path/Frameworks",
				);
				MARKETING_VERSION = 1.0;
				PRODUCT_BUNDLE_IDENTIFIER = com.petermonky.PeggleTests;
				PRODUCT_NAME = "$(TARGET_NAME)";
				SWIFT_EMIT_LOC_STRINGS = NO;
				SWIFT_OPTIMIZATION_LEVEL = "-Onone";
				SWIFT_VERSION = 5.0;
				TARGETED_DEVICE_FAMILY = "1,2";
				TEST_HOST = "$(BUILT_PRODUCTS_DIR)/Peggle.app/$(BUNDLE_EXECUTABLE_FOLDER_PATH)/Peggle";
			};
			name = Debug;
		};
		D03FFCD429783B9300EFAD04 /* Release */ = {
			isa = XCBuildConfiguration;
			buildSettings = {
				ALWAYS_EMBED_SWIFT_STANDARD_LIBRARIES = YES;
				BUNDLE_LOADER = "$(TEST_HOST)";
				CLANG_ENABLE_MODULES = YES;
				CODE_SIGN_STYLE = Automatic;
				CURRENT_PROJECT_VERSION = 1;
				DEVELOPMENT_TEAM = X77GX48L42;
				GENERATE_INFOPLIST_FILE = YES;
				IPHONEOS_DEPLOYMENT_TARGET = 16.2;
				LD_RUNPATH_SEARCH_PATHS = (
					"$(inherited)",
					"@executable_path/Frameworks",
					"@loader_path/Frameworks",
				);
				MARKETING_VERSION = 1.0;
				PRODUCT_BUNDLE_IDENTIFIER = com.petermonky.PeggleTests;
				PRODUCT_NAME = "$(TARGET_NAME)";
				SWIFT_EMIT_LOC_STRINGS = NO;
				SWIFT_VERSION = 5.0;
				TARGETED_DEVICE_FAMILY = "1,2";
				TEST_HOST = "$(BUILT_PRODUCTS_DIR)/Peggle.app/$(BUNDLE_EXECUTABLE_FOLDER_PATH)/Peggle";
			};
			name = Release;
		};
		D03FFCD629783B9300EFAD04 /* Debug */ = {
			isa = XCBuildConfiguration;
			buildSettings = {
				ALWAYS_EMBED_SWIFT_STANDARD_LIBRARIES = YES;
				CLANG_ENABLE_MODULES = YES;
				CODE_SIGN_STYLE = Automatic;
				CURRENT_PROJECT_VERSION = 1;
				DEVELOPMENT_TEAM = X77GX48L42;
				GENERATE_INFOPLIST_FILE = YES;
				LD_RUNPATH_SEARCH_PATHS = (
					"$(inherited)",
					"@executable_path/Frameworks",
					"@loader_path/Frameworks",
				);
				MARKETING_VERSION = 1.0;
				PRODUCT_BUNDLE_IDENTIFIER = com.petermonky.PeggleUITests;
				PRODUCT_NAME = "$(TARGET_NAME)";
				SWIFT_EMIT_LOC_STRINGS = NO;
				SWIFT_OPTIMIZATION_LEVEL = "-Onone";
				SWIFT_VERSION = 5.0;
				TARGETED_DEVICE_FAMILY = "1,2";
				TEST_TARGET_NAME = Peggle;
			};
			name = Debug;
		};
		D03FFCD729783B9300EFAD04 /* Release */ = {
			isa = XCBuildConfiguration;
			buildSettings = {
				ALWAYS_EMBED_SWIFT_STANDARD_LIBRARIES = YES;
				CLANG_ENABLE_MODULES = YES;
				CODE_SIGN_STYLE = Automatic;
				CURRENT_PROJECT_VERSION = 1;
				DEVELOPMENT_TEAM = X77GX48L42;
				GENERATE_INFOPLIST_FILE = YES;
				LD_RUNPATH_SEARCH_PATHS = (
					"$(inherited)",
					"@executable_path/Frameworks",
					"@loader_path/Frameworks",
				);
				MARKETING_VERSION = 1.0;
				PRODUCT_BUNDLE_IDENTIFIER = com.petermonky.PeggleUITests;
				PRODUCT_NAME = "$(TARGET_NAME)";
				SWIFT_EMIT_LOC_STRINGS = NO;
				SWIFT_VERSION = 5.0;
				TARGETED_DEVICE_FAMILY = "1,2";
				TEST_TARGET_NAME = Peggle;
			};
			name = Release;
		};
/* End XCBuildConfiguration section */

/* Begin XCConfigurationList section */
		D03FFCA629783B9000EFAD04 /* Build configuration list for PBXProject "Peggle" */ = {
			isa = XCConfigurationList;
			buildConfigurations = (
				D03FFCCD29783B9300EFAD04 /* Debug */,
				D03FFCCE29783B9300EFAD04 /* Release */,
			);
			defaultConfigurationIsVisible = 0;
			defaultConfigurationName = Release;
		};
		D03FFCCF29783B9300EFAD04 /* Build configuration list for PBXNativeTarget "Peggle" */ = {
			isa = XCConfigurationList;
			buildConfigurations = (
				D03FFCD029783B9300EFAD04 /* Debug */,
				D03FFCD129783B9300EFAD04 /* Release */,
			);
			defaultConfigurationIsVisible = 0;
			defaultConfigurationName = Release;
		};
		D03FFCD229783B9300EFAD04 /* Build configuration list for PBXNativeTarget "PeggleTests" */ = {
			isa = XCConfigurationList;
			buildConfigurations = (
				D03FFCD329783B9300EFAD04 /* Debug */,
				D03FFCD429783B9300EFAD04 /* Release */,
			);
			defaultConfigurationIsVisible = 0;
			defaultConfigurationName = Release;
		};
		D03FFCD529783B9300EFAD04 /* Build configuration list for PBXNativeTarget "PeggleUITests" */ = {
			isa = XCConfigurationList;
			buildConfigurations = (
				D03FFCD629783B9300EFAD04 /* Debug */,
				D03FFCD729783B9300EFAD04 /* Release */,
			);
			defaultConfigurationIsVisible = 0;
			defaultConfigurationName = Release;
		};
/* End XCConfigurationList section */
	};
	rootObject = D03FFCA329783B9000EFAD04 /* Project object */;
}
