// !$*UTF8*$!
{
	archiveVersion = 1;
	classes = {
	};
	objectVersion = 56;
	objects = {

/* Begin PBXBuildFile section */
		D000EF8229A76643009BDBBB /* PaletteButton.swift in Sources */ = {isa = PBXBuildFile; fileRef = D000EF8129A76643009BDBBB /* PaletteButton.swift */; };
		D000EF8429A778C9009BDBBB /* LevelSelectionView.swift in Sources */ = {isa = PBXBuildFile; fileRef = D000EF8329A778C9009BDBBB /* LevelSelectionView.swift */; };
		D000EF8629A7791A009BDBBB /* LevelSelectionViewModel.swift in Sources */ = {isa = PBXBuildFile; fileRef = D000EF8529A7791A009BDBBB /* LevelSelectionViewModel.swift */; };
		D000EF8829A793F4009BDBBB /* Popup.swift in Sources */ = {isa = PBXBuildFile; fileRef = D000EF8729A793F4009BDBBB /* Popup.swift */; };
		D000EF8A29A799CA009BDBBB /* GameOverModalView.swift in Sources */ = {isa = PBXBuildFile; fileRef = D000EF8929A799CA009BDBBB /* GameOverModalView.swift */; };
		D000EF8C29A79DC5009BDBBB /* GamePresetModalView.swift in Sources */ = {isa = PBXBuildFile; fileRef = D000EF8B29A79DC5009BDBBB /* GamePresetModalView.swift */; };
		D000EF8E29A7A0F8009BDBBB /* GameCharacter.swift in Sources */ = {isa = PBXBuildFile; fileRef = D000EF8D29A7A0F8009BDBBB /* GameCharacter.swift */; };
		D000EF9029A7A1C1009BDBBB /* KaboomCharacter.swift in Sources */ = {isa = PBXBuildFile; fileRef = D000EF8F29A7A1C1009BDBBB /* KaboomCharacter.swift */; };
		D000EF9229A858E8009BDBBB /* SpookyCharacter.swift in Sources */ = {isa = PBXBuildFile; fileRef = D000EF9129A858E8009BDBBB /* SpookyCharacter.swift */; };
		D000EF9429A88053009BDBBB /* GameMode.swift in Sources */ = {isa = PBXBuildFile; fileRef = D000EF9329A88053009BDBBB /* GameMode.swift */; };
		D000EF9629A880F9009BDBBB /* NormalMode.swift in Sources */ = {isa = PBXBuildFile; fileRef = D000EF9529A880F9009BDBBB /* NormalMode.swift */; };
		D000EF9829A8D5F2009BDBBB /* BeatTheScoreMode.swift in Sources */ = {isa = PBXBuildFile; fileRef = D000EF9729A8D5F2009BDBBB /* BeatTheScoreMode.swift */; };
		D000EF9A29A8E65E009BDBBB /* SiamLeftSiamRightMode.swift in Sources */ = {isa = PBXBuildFile; fileRef = D000EF9929A8E65E009BDBBB /* SiamLeftSiamRightMode.swift */; };
		D007895E297E89C900EB5AAE /* PaletteButtonView.swift in Sources */ = {isa = PBXBuildFile; fileRef = D007895D297E89C900EB5AAE /* PaletteButtonView.swift */; };
		D0078967297E961100EB5AAE /* PegFactory.swift in Sources */ = {isa = PBXBuildFile; fileRef = D0078966297E961100EB5AAE /* PegFactory.swift */; };
		D007896F297E9C6300EB5AAE /* Constants.swift in Sources */ = {isa = PBXBuildFile; fileRef = D007896E297E9C6300EB5AAE /* Constants.swift */; };
		D0078971297EA11400EB5AAE /* ActionView.swift in Sources */ = {isa = PBXBuildFile; fileRef = D0078970297EA11400EB5AAE /* ActionView.swift */; };
		D017DFA02986A6E3009125B3 /* DeveloperGuide.md in Resources */ = {isa = PBXBuildFile; fileRef = D017DF9F2986A6E3009125B3 /* DeveloperGuide.md */; };
		D021AD8A29836B18001F63DD /* View+IsRendered.swift in Sources */ = {isa = PBXBuildFile; fileRef = D021AD8929836B18001F63DD /* View+IsRendered.swift */; };
		D021AD8E298397D2001F63DD /* LevelTests.swift in Sources */ = {isa = PBXBuildFile; fileRef = D021AD8D298397D2001F63DD /* LevelTests.swift */; };
		D03C0CF12998095500EBC12A /* CircleFrameCollisionDataTests.swift in Sources */ = {isa = PBXBuildFile; fileRef = D03C0CF02998095500EBC12A /* CircleFrameCollisionDataTests.swift */; };
		D03C0CF329980B4A00EBC12A /* PhysicsWorldTests.swift in Sources */ = {isa = PBXBuildFile; fileRef = D03C0CF229980B4A00EBC12A /* PhysicsWorldTests.swift */; };
		D03C0CF62998228400EBC12A /* PegGameObjectTests.swift in Sources */ = {isa = PBXBuildFile; fileRef = D03C0CF52998228400EBC12A /* PegGameObjectTests.swift */; };
		D03C0CF8299825D800EBC12A /* BallGameObjectTests.swift in Sources */ = {isa = PBXBuildFile; fileRef = D03C0CF7299825D800EBC12A /* BallGameObjectTests.swift */; };
		D03C0CFA299826E200EBC12A /* CannonGameObjectTests.swift in Sources */ = {isa = PBXBuildFile; fileRef = D03C0CF9299826E200EBC12A /* CannonGameObjectTests.swift */; };
		D03FFCAF29783B9000EFAD04 /* PeggleApp.swift in Sources */ = {isa = PBXBuildFile; fileRef = D03FFCAE29783B9000EFAD04 /* PeggleApp.swift */; };
		D03FFCB329783B9300EFAD04 /* Assets.xcassets in Resources */ = {isa = PBXBuildFile; fileRef = D03FFCB229783B9300EFAD04 /* Assets.xcassets */; };
		D03FFCB629783B9300EFAD04 /* Preview Assets.xcassets in Resources */ = {isa = PBXBuildFile; fileRef = D03FFCB529783B9300EFAD04 /* Preview Assets.xcassets */; };
		D044900F298EA25A0068AA3C /* PhysicsWorld.swift in Sources */ = {isa = PBXBuildFile; fileRef = D044900E298EA25A0068AA3C /* PhysicsWorld.swift */; };
		D0449011298EA3EA0068AA3C /* PhysicsBody.swift in Sources */ = {isa = PBXBuildFile; fileRef = D0449010298EA3EA0068AA3C /* PhysicsBody.swift */; };
		D0449013298EA7270068AA3C /* CGVector+Utility.swift in Sources */ = {isa = PBXBuildFile; fileRef = D0449012298EA7270068AA3C /* CGVector+Utility.swift */; };
		D0449015298EA8E10068AA3C /* CGPoint+Utility.swift in Sources */ = {isa = PBXBuildFile; fileRef = D0449014298EA8E10068AA3C /* CGPoint+Utility.swift */; };
		D044E5AB2997626200CD098A /* CirclePhysicsShapeTests.swift in Sources */ = {isa = PBXBuildFile; fileRef = D044E5AA2997626200CD098A /* CirclePhysicsShapeTests.swift */; };
		D044E5B12998019100CD098A /* CircleCircleCollisionDataTests.swift in Sources */ = {isa = PBXBuildFile; fileRef = D044E5B02998019100CD098A /* CircleCircleCollisionDataTests.swift */; };
		D044E5B3299801AB00CD098A /* CirclePhysicsShape.swift in Sources */ = {isa = PBXBuildFile; fileRef = D044E5B2299801AB00CD098A /* CirclePhysicsShape.swift */; };
		D044E5B5299801C400CD098A /* BodyFrameCollisionData.swift in Sources */ = {isa = PBXBuildFile; fileRef = D044E5B4299801C400CD098A /* BodyFrameCollisionData.swift */; };
		D044E5B7299801D900CD098A /* BodyBodyCollisionData.swift in Sources */ = {isa = PBXBuildFile; fileRef = D044E5B6299801D900CD098A /* BodyBodyCollisionData.swift */; };
		D04E7C472983A1DF008C5941 /* PegTests.swift in Sources */ = {isa = PBXBuildFile; fileRef = D04E7C462983A1DF008C5941 /* PegTests.swift */; };
		D04E7C4B2983AAFE008C5941 /* LevelListViewModelTests.swift in Sources */ = {isa = PBXBuildFile; fileRef = D04E7C4A2983AAFE008C5941 /* LevelListViewModelTests.swift */; };
		D04E7C4D2983D273008C5941 /* ActionViewModelTests.swift in Sources */ = {isa = PBXBuildFile; fileRef = D04E7C4C2983D273008C5941 /* ActionViewModelTests.swift */; };
		D04E7C4F2983F5B4008C5941 /* PegViewModelTests.swift in Sources */ = {isa = PBXBuildFile; fileRef = D04E7C4E2983F5B4008C5941 /* PegViewModelTests.swift */; };
		D04E7C51298439F2008C5941 /* BoardViewModelTests.swift in Sources */ = {isa = PBXBuildFile; fileRef = D04E7C50298439F2008C5941 /* BoardViewModelTests.swift */; };
		D04E7C5329844B72008C5941 /* PaletteButtonViewModelTests.swift in Sources */ = {isa = PBXBuildFile; fileRef = D04E7C5229844B72008C5941 /* PaletteButtonViewModelTests.swift */; };
		D04E7C5529844CF1008C5941 /* PaletteViewModelTests.swift in Sources */ = {isa = PBXBuildFile; fileRef = D04E7C5429844CF1008C5941 /* PaletteViewModelTests.swift */; };
		D04E7C5729845074008C5941 /* LevelDesignerViewModelTests.swift in Sources */ = {isa = PBXBuildFile; fileRef = D04E7C5629845074008C5941 /* LevelDesignerViewModelTests.swift */; };
		D07170B6297FBB4C00C0ABAF /* DataManager.swift in Sources */ = {isa = PBXBuildFile; fileRef = D07170B5297FBB4C00C0ABAF /* DataManager.swift */; };
		D07170BF297FD41F00C0ABAF /* Level.swift in Sources */ = {isa = PBXBuildFile; fileRef = D07170BE297FD41F00C0ABAF /* Level.swift */; };
		D0853A7129A4E094000D0F20 /* Block.swift in Sources */ = {isa = PBXBuildFile; fileRef = D0853A7029A4E094000D0F20 /* Block.swift */; };
		D0853A7329A4E178000D0F20 /* LevelObject.swift in Sources */ = {isa = PBXBuildFile; fileRef = D0853A7229A4E178000D0F20 /* LevelObject.swift */; };
		D08AEB792979672C00EA1590 /* LevelDesignerView.swift in Sources */ = {isa = PBXBuildFile; fileRef = D08AEB782979672C00EA1590 /* LevelDesignerView.swift */; };
		D08AEB7B2979682E00EA1590 /* LevelDesignerViewModel.swift in Sources */ = {isa = PBXBuildFile; fileRef = D08AEB7A2979682E00EA1590 /* LevelDesignerViewModel.swift */; };
		D08AEB7D29796A6D00EA1590 /* PaletteView.swift in Sources */ = {isa = PBXBuildFile; fileRef = D08AEB7C29796A6D00EA1590 /* PaletteView.swift */; };
		D09BBCE5298F8F35004340FF /* GameEngine.swift in Sources */ = {isa = PBXBuildFile; fileRef = D09BBCE4298F8F35004340FF /* GameEngine.swift */; };
		D09BBCEA298FAF75004340FF /* Renderer.swift in Sources */ = {isa = PBXBuildFile; fileRef = D09BBCE9298FAF75004340FF /* Renderer.swift */; };
		D09BBCF0298FE027004340FF /* GameEngineDelegate.swift in Sources */ = {isa = PBXBuildFile; fileRef = D09BBCEF298FE027004340FF /* GameEngineDelegate.swift */; };
		D09BBCF22990019D004340FF /* PegGameObject.swift in Sources */ = {isa = PBXBuildFile; fileRef = D09BBCF12990019D004340FF /* PegGameObject.swift */; };
		D09BBCF62990058A004340FF /* PegGameView.swift in Sources */ = {isa = PBXBuildFile; fileRef = D09BBCF529900589004340FF /* PegGameView.swift */; };
		D09BBCF82990C87B004340FF /* BallGameObject.swift in Sources */ = {isa = PBXBuildFile; fileRef = D09BBCF72990C87B004340FF /* BallGameObject.swift */; };
		D09BBCFA2990C9AD004340FF /* PhysicsShape.swift in Sources */ = {isa = PBXBuildFile; fileRef = D09BBCF92990C9AD004340FF /* PhysicsShape.swift */; };
		D09BBCFC29910977004340FF /* BallGameView.swift in Sources */ = {isa = PBXBuildFile; fileRef = D09BBCFB29910977004340FF /* BallGameView.swift */; };
		D09BBD0029912096004340FF /* CirclePhysicsBody.swift in Sources */ = {isa = PBXBuildFile; fileRef = D09BBCFF29912096004340FF /* CirclePhysicsBody.swift */; };
		D09BBD0229915B78004340FF /* DynamicPhysicsBody.swift in Sources */ = {isa = PBXBuildFile; fileRef = D09BBD0129915B78004340FF /* DynamicPhysicsBody.swift */; };
		D09BBD0429915E04004340FF /* DynamicCirclePhysicsBody.swift in Sources */ = {isa = PBXBuildFile; fileRef = D09BBD0329915E04004340FF /* DynamicCirclePhysicsBody.swift */; };
		D0A4DB92299290D0003925BF /* CannonGameView.swift in Sources */ = {isa = PBXBuildFile; fileRef = D0A4DB91299290D0003925BF /* CannonGameView.swift */; };
		D0A4DB942992921E003925BF /* RendererView.swift in Sources */ = {isa = PBXBuildFile; fileRef = D0A4DB932992921E003925BF /* RendererView.swift */; };
		D0A4DB9C29936EC0003925BF /* CannonGameObject.swift in Sources */ = {isa = PBXBuildFile; fileRef = D0A4DB9B29936EC0003925BF /* CannonGameObject.swift */; };
		D0A4DB9E29937065003925BF /* SpriteView.swift in Sources */ = {isa = PBXBuildFile; fileRef = D0A4DB9D29937065003925BF /* SpriteView.swift */; };
		D0A4DBA2299404AB003925BF /* CollisionData.swift in Sources */ = {isa = PBXBuildFile; fileRef = D0A4DBA1299404AB003925BF /* CollisionData.swift */; };
		D0A4DBB02994A8B7003925BF /* CollidableGameObject.swift in Sources */ = {isa = PBXBuildFile; fileRef = D0A4DBAF2994A8B7003925BF /* CollidableGameObject.swift */; };
		D0A4DBB22994A8D6003925BF /* GameView.swift in Sources */ = {isa = PBXBuildFile; fileRef = D0A4DBB12994A8D6003925BF /* GameView.swift */; };
		D0A4DBB62994C784003925BF /* Comparable+Utility.swift in Sources */ = {isa = PBXBuildFile; fileRef = D0A4DBB52994C784003925BF /* Comparable+Utility.swift */; };
		D0A813E529A9CFA400279D01 /* NavigationLazyView.swift in Sources */ = {isa = PBXBuildFile; fileRef = D0A813E429A9CFA400279D01 /* NavigationLazyView.swift */; };
		D0AEFBE129A50D5200BCE15F /* BucketGameView.swift in Sources */ = {isa = PBXBuildFile; fileRef = D0AEFBE029A50D5200BCE15F /* BucketGameView.swift */; };
		D0AEFBE329A50D6F00BCE15F /* BucketGameObject.swift in Sources */ = {isa = PBXBuildFile; fileRef = D0AEFBE229A50D6F00BCE15F /* BucketGameObject.swift */; };
		D0AEFBE529A5120D00BCE15F /* GamePlayerView.swift in Sources */ = {isa = PBXBuildFile; fileRef = D0AEFBE429A5120D00BCE15F /* GamePlayerView.swift */; };
		D0AEFBE729A5125B00BCE15F /* GamePlayerViewModel.swift in Sources */ = {isa = PBXBuildFile; fileRef = D0AEFBE629A5125B00BCE15F /* GamePlayerViewModel.swift */; };
		D0AEFBE929A5286700BCE15F /* DataView.swift in Sources */ = {isa = PBXBuildFile; fileRef = D0AEFBE829A5286600BCE15F /* DataView.swift */; };
		D0AEFBF129A5FBF600BCE15F /* LevelObjectView.swift in Sources */ = {isa = PBXBuildFile; fileRef = D0AEFBF029A5FBF600BCE15F /* LevelObjectView.swift */; };
		D0AEFBF329A6087E00BCE15F /* PolygonPhysicsShape.swift in Sources */ = {isa = PBXBuildFile; fileRef = D0AEFBF229A6087E00BCE15F /* PolygonPhysicsShape.swift */; };
		D0AEFBF529A6098100BCE15F /* Collidable.swift in Sources */ = {isa = PBXBuildFile; fileRef = D0AEFBF429A6098100BCE15F /* Collidable.swift */; };
		D0AEFBF729A609D500BCE15F /* CollisionManager.swift in Sources */ = {isa = PBXBuildFile; fileRef = D0AEFBF629A609D500BCE15F /* CollisionManager.swift */; };
		D0AEFBFB29A61AEB00BCE15F /* Segment.swift in Sources */ = {isa = PBXBuildFile; fileRef = D0AEFBFA29A61AEB00BCE15F /* Segment.swift */; };
		D0AEFBFD29A6227600BCE15F /* CircleCollidable.swift in Sources */ = {isa = PBXBuildFile; fileRef = D0AEFBFC29A6227600BCE15F /* CircleCollidable.swift */; };
		D0AEFBFF29A622A400BCE15F /* PolygonCollidable.swift in Sources */ = {isa = PBXBuildFile; fileRef = D0AEFBFE29A622A400BCE15F /* PolygonCollidable.swift */; };
		D0AEFC0129A62B4200BCE15F /* Cloneable.swift in Sources */ = {isa = PBXBuildFile; fileRef = D0AEFC0029A62B4200BCE15F /* Cloneable.swift */; };
		D0AEFC0329A71BB700BCE15F /* BodyCollidable.swift in Sources */ = {isa = PBXBuildFile; fileRef = D0AEFC0229A71BB700BCE15F /* BodyCollidable.swift */; };
		D0AEFC0529A71DB600BCE15F /* FrameCollidable.swift in Sources */ = {isa = PBXBuildFile; fileRef = D0AEFC0429A71DB600BCE15F /* FrameCollidable.swift */; };
		D0AEFC0729A71DEA00BCE15F /* Frame.swift in Sources */ = {isa = PBXBuildFile; fileRef = D0AEFC0629A71DEA00BCE15F /* Frame.swift */; };
		D0AEFC0B29A731E700BCE15F /* PolygonPhysicsBody.swift in Sources */ = {isa = PBXBuildFile; fileRef = D0AEFC0A29A731E700BCE15F /* PolygonPhysicsBody.swift */; };
		D0AEFC0D29A7320F00BCE15F /* DynamicPolygonPhysicsBody.swift in Sources */ = {isa = PBXBuildFile; fileRef = D0AEFC0C29A7320E00BCE15F /* DynamicPolygonPhysicsBody.swift */; };
		D0AEFC0F29A739FA00BCE15F /* BlockGameObject.swift in Sources */ = {isa = PBXBuildFile; fileRef = D0AEFC0E29A739FA00BCE15F /* BlockGameObject.swift */; };
		D0AEFC1129A73B2200BCE15F /* BlockGameView.swift in Sources */ = {isa = PBXBuildFile; fileRef = D0AEFC1029A73B2200BCE15F /* BlockGameView.swift */; };
		D0BF3F04297BC6C800354272 /* BoardView.swift in Sources */ = {isa = PBXBuildFile; fileRef = D0BF3F03297BC6C800354272 /* BoardView.swift */; };
		D0BF3F08297D6F3400354272 /* Peg.swift in Sources */ = {isa = PBXBuildFile; fileRef = D0BF3F07297D6F3400354272 /* Peg.swift */; };
		D0BF3F0A297D6FB200354272 /* CGPoint+Hashable.swift in Sources */ = {isa = PBXBuildFile; fileRef = D0BF3F09297D6FB200354272 /* CGPoint+Hashable.swift */; };
		D0CB441D29825729008C5DAD /* LevelListView.swift in Sources */ = {isa = PBXBuildFile; fileRef = D0CB441C29825729008C5DAD /* LevelListView.swift */; };
		D0CB44232982F651008C5DAD /* View+HideKeyboard.swift in Sources */ = {isa = PBXBuildFile; fileRef = D0CB44222982F651008C5DAD /* View+HideKeyboard.swift */; };
/* End PBXBuildFile section */

/* Begin PBXContainerItemProxy section */
		D03FFCBC29783B9300EFAD04 /* PBXContainerItemProxy */ = {
			isa = PBXContainerItemProxy;
			containerPortal = D03FFCA329783B9000EFAD04 /* Project object */;
			proxyType = 1;
			remoteGlobalIDString = D03FFCAA29783B9000EFAD04;
			remoteInfo = Peggle;
		};
/* End PBXContainerItemProxy section */

/* Begin PBXFileReference section */
		D000EF8129A76643009BDBBB /* PaletteButton.swift */ = {isa = PBXFileReference; lastKnownFileType = sourcecode.swift; path = PaletteButton.swift; sourceTree = "<group>"; };
		D000EF8329A778C9009BDBBB /* LevelSelectionView.swift */ = {isa = PBXFileReference; lastKnownFileType = sourcecode.swift; path = LevelSelectionView.swift; sourceTree = "<group>"; };
		D000EF8529A7791A009BDBBB /* LevelSelectionViewModel.swift */ = {isa = PBXFileReference; lastKnownFileType = sourcecode.swift; path = LevelSelectionViewModel.swift; sourceTree = "<group>"; };
		D000EF8729A793F4009BDBBB /* Popup.swift */ = {isa = PBXFileReference; lastKnownFileType = sourcecode.swift; path = Popup.swift; sourceTree = "<group>"; };
		D000EF8929A799CA009BDBBB /* GameOverModalView.swift */ = {isa = PBXFileReference; lastKnownFileType = sourcecode.swift; path = GameOverModalView.swift; sourceTree = "<group>"; };
		D000EF8B29A79DC5009BDBBB /* GamePresetModalView.swift */ = {isa = PBXFileReference; lastKnownFileType = sourcecode.swift; path = GamePresetModalView.swift; sourceTree = "<group>"; };
		D000EF8D29A7A0F8009BDBBB /* GameCharacter.swift */ = {isa = PBXFileReference; lastKnownFileType = sourcecode.swift; path = GameCharacter.swift; sourceTree = "<group>"; };
		D000EF8F29A7A1C1009BDBBB /* KaboomCharacter.swift */ = {isa = PBXFileReference; lastKnownFileType = sourcecode.swift; path = KaboomCharacter.swift; sourceTree = "<group>"; };
		D000EF9129A858E8009BDBBB /* SpookyCharacter.swift */ = {isa = PBXFileReference; lastKnownFileType = sourcecode.swift; path = SpookyCharacter.swift; sourceTree = "<group>"; };
		D000EF9329A88053009BDBBB /* GameMode.swift */ = {isa = PBXFileReference; lastKnownFileType = sourcecode.swift; path = GameMode.swift; sourceTree = "<group>"; };
		D000EF9529A880F9009BDBBB /* NormalMode.swift */ = {isa = PBXFileReference; lastKnownFileType = sourcecode.swift; path = NormalMode.swift; sourceTree = "<group>"; };
		D000EF9729A8D5F2009BDBBB /* BeatTheScoreMode.swift */ = {isa = PBXFileReference; lastKnownFileType = sourcecode.swift; path = BeatTheScoreMode.swift; sourceTree = "<group>"; };
		D000EF9929A8E65E009BDBBB /* SiamLeftSiamRightMode.swift */ = {isa = PBXFileReference; lastKnownFileType = sourcecode.swift; path = SiamLeftSiamRightMode.swift; sourceTree = "<group>"; };
		D007895D297E89C900EB5AAE /* PaletteButtonView.swift */ = {isa = PBXFileReference; lastKnownFileType = sourcecode.swift; path = PaletteButtonView.swift; sourceTree = "<group>"; };
		D0078966297E961100EB5AAE /* PegFactory.swift */ = {isa = PBXFileReference; lastKnownFileType = sourcecode.swift; path = PegFactory.swift; sourceTree = "<group>"; };
		D007896E297E9C6300EB5AAE /* Constants.swift */ = {isa = PBXFileReference; lastKnownFileType = sourcecode.swift; path = Constants.swift; sourceTree = "<group>"; };
		D0078970297EA11400EB5AAE /* ActionView.swift */ = {isa = PBXFileReference; lastKnownFileType = sourcecode.swift; path = ActionView.swift; sourceTree = "<group>"; };
		D017DF9F2986A6E3009125B3 /* DeveloperGuide.md */ = {isa = PBXFileReference; lastKnownFileType = net.daringfireball.markdown; path = DeveloperGuide.md; sourceTree = "<group>"; };
		D021AD8929836B18001F63DD /* View+IsRendered.swift */ = {isa = PBXFileReference; lastKnownFileType = sourcecode.swift; path = "View+IsRendered.swift"; sourceTree = "<group>"; };
		D021AD8D298397D2001F63DD /* LevelTests.swift */ = {isa = PBXFileReference; lastKnownFileType = sourcecode.swift; path = LevelTests.swift; sourceTree = "<group>"; };
		D03C0CF02998095500EBC12A /* CircleFrameCollisionDataTests.swift */ = {isa = PBXFileReference; lastKnownFileType = sourcecode.swift; path = CircleFrameCollisionDataTests.swift; sourceTree = "<group>"; };
		D03C0CF229980B4A00EBC12A /* PhysicsWorldTests.swift */ = {isa = PBXFileReference; lastKnownFileType = sourcecode.swift; path = PhysicsWorldTests.swift; sourceTree = "<group>"; };
		D03C0CF52998228400EBC12A /* PegGameObjectTests.swift */ = {isa = PBXFileReference; lastKnownFileType = sourcecode.swift; path = PegGameObjectTests.swift; sourceTree = "<group>"; };
		D03C0CF7299825D800EBC12A /* BallGameObjectTests.swift */ = {isa = PBXFileReference; lastKnownFileType = sourcecode.swift; path = BallGameObjectTests.swift; sourceTree = "<group>"; };
		D03C0CF9299826E200EBC12A /* CannonGameObjectTests.swift */ = {isa = PBXFileReference; lastKnownFileType = sourcecode.swift; path = CannonGameObjectTests.swift; sourceTree = "<group>"; };
		D03FFCAB29783B9000EFAD04 /* Peggle.app */ = {isa = PBXFileReference; explicitFileType = wrapper.application; includeInIndex = 0; path = Peggle.app; sourceTree = BUILT_PRODUCTS_DIR; };
		D03FFCAE29783B9000EFAD04 /* PeggleApp.swift */ = {isa = PBXFileReference; lastKnownFileType = sourcecode.swift; path = PeggleApp.swift; sourceTree = "<group>"; };
		D03FFCB229783B9300EFAD04 /* Assets.xcassets */ = {isa = PBXFileReference; lastKnownFileType = folder.assetcatalog; path = Assets.xcassets; sourceTree = "<group>"; };
		D03FFCB529783B9300EFAD04 /* Preview Assets.xcassets */ = {isa = PBXFileReference; lastKnownFileType = folder.assetcatalog; path = "Preview Assets.xcassets"; sourceTree = "<group>"; };
		D03FFCBB29783B9300EFAD04 /* PeggleTests.xctest */ = {isa = PBXFileReference; explicitFileType = wrapper.cfbundle; includeInIndex = 0; path = PeggleTests.xctest; sourceTree = BUILT_PRODUCTS_DIR; };
		D044900E298EA25A0068AA3C /* PhysicsWorld.swift */ = {isa = PBXFileReference; lastKnownFileType = sourcecode.swift; path = PhysicsWorld.swift; sourceTree = "<group>"; };
		D0449010298EA3EA0068AA3C /* PhysicsBody.swift */ = {isa = PBXFileReference; lastKnownFileType = sourcecode.swift; path = PhysicsBody.swift; sourceTree = "<group>"; };
		D0449012298EA7270068AA3C /* CGVector+Utility.swift */ = {isa = PBXFileReference; lastKnownFileType = sourcecode.swift; path = "CGVector+Utility.swift"; sourceTree = "<group>"; };
		D0449014298EA8E10068AA3C /* CGPoint+Utility.swift */ = {isa = PBXFileReference; lastKnownFileType = sourcecode.swift; path = "CGPoint+Utility.swift"; sourceTree = "<group>"; };
		D044E5AA2997626200CD098A /* CirclePhysicsShapeTests.swift */ = {isa = PBXFileReference; lastKnownFileType = sourcecode.swift; path = CirclePhysicsShapeTests.swift; sourceTree = "<group>"; };
		D044E5B02998019100CD098A /* CircleCircleCollisionDataTests.swift */ = {isa = PBXFileReference; lastKnownFileType = sourcecode.swift; path = CircleCircleCollisionDataTests.swift; sourceTree = "<group>"; };
		D044E5B2299801AB00CD098A /* CirclePhysicsShape.swift */ = {isa = PBXFileReference; lastKnownFileType = sourcecode.swift; path = CirclePhysicsShape.swift; sourceTree = "<group>"; };
		D044E5B4299801C400CD098A /* BodyFrameCollisionData.swift */ = {isa = PBXFileReference; lastKnownFileType = sourcecode.swift; path = BodyFrameCollisionData.swift; sourceTree = "<group>"; };
		D044E5B6299801D900CD098A /* BodyBodyCollisionData.swift */ = {isa = PBXFileReference; lastKnownFileType = sourcecode.swift; path = BodyBodyCollisionData.swift; sourceTree = "<group>"; };
		D04E7C462983A1DF008C5941 /* PegTests.swift */ = {isa = PBXFileReference; lastKnownFileType = sourcecode.swift; path = PegTests.swift; sourceTree = "<group>"; };
		D04E7C4A2983AAFE008C5941 /* LevelListViewModelTests.swift */ = {isa = PBXFileReference; lastKnownFileType = sourcecode.swift; path = LevelListViewModelTests.swift; sourceTree = "<group>"; };
		D04E7C4C2983D273008C5941 /* ActionViewModelTests.swift */ = {isa = PBXFileReference; lastKnownFileType = sourcecode.swift; path = ActionViewModelTests.swift; sourceTree = "<group>"; };
		D04E7C4E2983F5B4008C5941 /* PegViewModelTests.swift */ = {isa = PBXFileReference; lastKnownFileType = sourcecode.swift; path = PegViewModelTests.swift; sourceTree = "<group>"; };
		D04E7C50298439F2008C5941 /* BoardViewModelTests.swift */ = {isa = PBXFileReference; lastKnownFileType = sourcecode.swift; path = BoardViewModelTests.swift; sourceTree = "<group>"; };
		D04E7C5229844B72008C5941 /* PaletteButtonViewModelTests.swift */ = {isa = PBXFileReference; lastKnownFileType = sourcecode.swift; path = PaletteButtonViewModelTests.swift; sourceTree = "<group>"; };
		D04E7C5429844CF1008C5941 /* PaletteViewModelTests.swift */ = {isa = PBXFileReference; lastKnownFileType = sourcecode.swift; path = PaletteViewModelTests.swift; sourceTree = "<group>"; };
		D04E7C5629845074008C5941 /* LevelDesignerViewModelTests.swift */ = {isa = PBXFileReference; lastKnownFileType = sourcecode.swift; path = LevelDesignerViewModelTests.swift; sourceTree = "<group>"; };
		D07170B5297FBB4C00C0ABAF /* DataManager.swift */ = {isa = PBXFileReference; lastKnownFileType = sourcecode.swift; path = DataManager.swift; sourceTree = "<group>"; };
		D07170BE297FD41F00C0ABAF /* Level.swift */ = {isa = PBXFileReference; lastKnownFileType = sourcecode.swift; path = Level.swift; sourceTree = "<group>"; };
		D0853A7029A4E094000D0F20 /* Block.swift */ = {isa = PBXFileReference; lastKnownFileType = sourcecode.swift; path = Block.swift; sourceTree = "<group>"; };
		D0853A7229A4E178000D0F20 /* LevelObject.swift */ = {isa = PBXFileReference; lastKnownFileType = sourcecode.swift; path = LevelObject.swift; sourceTree = "<group>"; };
		D08AEB782979672C00EA1590 /* LevelDesignerView.swift */ = {isa = PBXFileReference; lastKnownFileType = sourcecode.swift; path = LevelDesignerView.swift; sourceTree = "<group>"; };
		D08AEB7A2979682E00EA1590 /* LevelDesignerViewModel.swift */ = {isa = PBXFileReference; lastKnownFileType = sourcecode.swift; path = LevelDesignerViewModel.swift; sourceTree = "<group>"; };
		D08AEB7C29796A6D00EA1590 /* PaletteView.swift */ = {isa = PBXFileReference; lastKnownFileType = sourcecode.swift; path = PaletteView.swift; sourceTree = "<group>"; };
		D09BBCE4298F8F35004340FF /* GameEngine.swift */ = {isa = PBXFileReference; lastKnownFileType = sourcecode.swift; path = GameEngine.swift; sourceTree = "<group>"; };
		D09BBCE9298FAF75004340FF /* Renderer.swift */ = {isa = PBXFileReference; lastKnownFileType = sourcecode.swift; path = Renderer.swift; sourceTree = "<group>"; };
		D09BBCEF298FE027004340FF /* GameEngineDelegate.swift */ = {isa = PBXFileReference; lastKnownFileType = sourcecode.swift; path = GameEngineDelegate.swift; sourceTree = "<group>"; };
		D09BBCF12990019D004340FF /* PegGameObject.swift */ = {isa = PBXFileReference; lastKnownFileType = sourcecode.swift; path = PegGameObject.swift; sourceTree = "<group>"; };
		D09BBCF529900589004340FF /* PegGameView.swift */ = {isa = PBXFileReference; lastKnownFileType = sourcecode.swift; path = PegGameView.swift; sourceTree = "<group>"; };
		D09BBCF72990C87B004340FF /* BallGameObject.swift */ = {isa = PBXFileReference; lastKnownFileType = sourcecode.swift; path = BallGameObject.swift; sourceTree = "<group>"; };
		D09BBCF92990C9AD004340FF /* PhysicsShape.swift */ = {isa = PBXFileReference; lastKnownFileType = sourcecode.swift; path = PhysicsShape.swift; sourceTree = "<group>"; };
		D09BBCFB29910977004340FF /* BallGameView.swift */ = {isa = PBXFileReference; lastKnownFileType = sourcecode.swift; path = BallGameView.swift; sourceTree = "<group>"; };
		D09BBCFF29912096004340FF /* CirclePhysicsBody.swift */ = {isa = PBXFileReference; lastKnownFileType = sourcecode.swift; path = CirclePhysicsBody.swift; sourceTree = "<group>"; };
		D09BBD0129915B78004340FF /* DynamicPhysicsBody.swift */ = {isa = PBXFileReference; lastKnownFileType = sourcecode.swift; path = DynamicPhysicsBody.swift; sourceTree = "<group>"; };
		D09BBD0329915E04004340FF /* DynamicCirclePhysicsBody.swift */ = {isa = PBXFileReference; lastKnownFileType = sourcecode.swift; path = DynamicCirclePhysicsBody.swift; sourceTree = "<group>"; };
		D0A4DB91299290D0003925BF /* CannonGameView.swift */ = {isa = PBXFileReference; lastKnownFileType = sourcecode.swift; path = CannonGameView.swift; sourceTree = "<group>"; };
		D0A4DB932992921E003925BF /* RendererView.swift */ = {isa = PBXFileReference; lastKnownFileType = sourcecode.swift; path = RendererView.swift; sourceTree = "<group>"; };
		D0A4DB9B29936EC0003925BF /* CannonGameObject.swift */ = {isa = PBXFileReference; lastKnownFileType = sourcecode.swift; path = CannonGameObject.swift; sourceTree = "<group>"; };
		D0A4DB9D29937065003925BF /* SpriteView.swift */ = {isa = PBXFileReference; lastKnownFileType = sourcecode.swift; path = SpriteView.swift; sourceTree = "<group>"; };
		D0A4DBA1299404AB003925BF /* CollisionData.swift */ = {isa = PBXFileReference; lastKnownFileType = sourcecode.swift; path = CollisionData.swift; sourceTree = "<group>"; };
		D0A4DBAF2994A8B7003925BF /* CollidableGameObject.swift */ = {isa = PBXFileReference; lastKnownFileType = sourcecode.swift; path = CollidableGameObject.swift; sourceTree = "<group>"; };
		D0A4DBB12994A8D6003925BF /* GameView.swift */ = {isa = PBXFileReference; lastKnownFileType = sourcecode.swift; path = GameView.swift; sourceTree = "<group>"; };
		D0A4DBB52994C784003925BF /* Comparable+Utility.swift */ = {isa = PBXFileReference; lastKnownFileType = sourcecode.swift; path = "Comparable+Utility.swift"; sourceTree = "<group>"; };
		D0A813E429A9CFA400279D01 /* NavigationLazyView.swift */ = {isa = PBXFileReference; lastKnownFileType = sourcecode.swift; path = NavigationLazyView.swift; sourceTree = "<group>"; };
		D0AEFBE029A50D5200BCE15F /* BucketGameView.swift */ = {isa = PBXFileReference; lastKnownFileType = sourcecode.swift; path = BucketGameView.swift; sourceTree = "<group>"; };
		D0AEFBE229A50D6F00BCE15F /* BucketGameObject.swift */ = {isa = PBXFileReference; lastKnownFileType = sourcecode.swift; path = BucketGameObject.swift; sourceTree = "<group>"; };
		D0AEFBE429A5120D00BCE15F /* GamePlayerView.swift */ = {isa = PBXFileReference; lastKnownFileType = sourcecode.swift; path = GamePlayerView.swift; sourceTree = "<group>"; };
		D0AEFBE629A5125B00BCE15F /* GamePlayerViewModel.swift */ = {isa = PBXFileReference; lastKnownFileType = sourcecode.swift; path = GamePlayerViewModel.swift; sourceTree = "<group>"; };
		D0AEFBE829A5286600BCE15F /* DataView.swift */ = {isa = PBXFileReference; lastKnownFileType = sourcecode.swift; path = DataView.swift; sourceTree = "<group>"; };
		D0AEFBF029A5FBF600BCE15F /* LevelObjectView.swift */ = {isa = PBXFileReference; lastKnownFileType = sourcecode.swift; path = LevelObjectView.swift; sourceTree = "<group>"; };
		D0AEFBF229A6087E00BCE15F /* PolygonPhysicsShape.swift */ = {isa = PBXFileReference; lastKnownFileType = sourcecode.swift; path = PolygonPhysicsShape.swift; sourceTree = "<group>"; };
		D0AEFBF429A6098100BCE15F /* Collidable.swift */ = {isa = PBXFileReference; lastKnownFileType = sourcecode.swift; path = Collidable.swift; sourceTree = "<group>"; };
		D0AEFBF629A609D500BCE15F /* CollisionManager.swift */ = {isa = PBXFileReference; lastKnownFileType = sourcecode.swift; path = CollisionManager.swift; sourceTree = "<group>"; };
		D0AEFBFA29A61AEB00BCE15F /* Segment.swift */ = {isa = PBXFileReference; lastKnownFileType = sourcecode.swift; path = Segment.swift; sourceTree = "<group>"; };
		D0AEFBFC29A6227600BCE15F /* CircleCollidable.swift */ = {isa = PBXFileReference; lastKnownFileType = sourcecode.swift; path = CircleCollidable.swift; sourceTree = "<group>"; };
		D0AEFBFE29A622A400BCE15F /* PolygonCollidable.swift */ = {isa = PBXFileReference; lastKnownFileType = sourcecode.swift; path = PolygonCollidable.swift; sourceTree = "<group>"; };
		D0AEFC0029A62B4200BCE15F /* Cloneable.swift */ = {isa = PBXFileReference; lastKnownFileType = sourcecode.swift; path = Cloneable.swift; sourceTree = "<group>"; };
		D0AEFC0229A71BB700BCE15F /* BodyCollidable.swift */ = {isa = PBXFileReference; lastKnownFileType = sourcecode.swift; path = BodyCollidable.swift; sourceTree = "<group>"; };
		D0AEFC0429A71DB600BCE15F /* FrameCollidable.swift */ = {isa = PBXFileReference; lastKnownFileType = sourcecode.swift; path = FrameCollidable.swift; sourceTree = "<group>"; };
		D0AEFC0629A71DEA00BCE15F /* Frame.swift */ = {isa = PBXFileReference; lastKnownFileType = sourcecode.swift; path = Frame.swift; sourceTree = "<group>"; };
		D0AEFC0A29A731E700BCE15F /* PolygonPhysicsBody.swift */ = {isa = PBXFileReference; lastKnownFileType = sourcecode.swift; path = PolygonPhysicsBody.swift; sourceTree = "<group>"; };
		D0AEFC0C29A7320E00BCE15F /* DynamicPolygonPhysicsBody.swift */ = {isa = PBXFileReference; lastKnownFileType = sourcecode.swift; path = DynamicPolygonPhysicsBody.swift; sourceTree = "<group>"; };
		D0AEFC0E29A739FA00BCE15F /* BlockGameObject.swift */ = {isa = PBXFileReference; lastKnownFileType = sourcecode.swift; path = BlockGameObject.swift; sourceTree = "<group>"; };
		D0AEFC1029A73B2200BCE15F /* BlockGameView.swift */ = {isa = PBXFileReference; lastKnownFileType = sourcecode.swift; path = BlockGameView.swift; sourceTree = "<group>"; };
		D0BF3F03297BC6C800354272 /* BoardView.swift */ = {isa = PBXFileReference; lastKnownFileType = sourcecode.swift; path = BoardView.swift; sourceTree = "<group>"; };
		D0BF3F07297D6F3400354272 /* Peg.swift */ = {isa = PBXFileReference; lastKnownFileType = sourcecode.swift; path = Peg.swift; sourceTree = "<group>"; };
		D0BF3F09297D6FB200354272 /* CGPoint+Hashable.swift */ = {isa = PBXFileReference; lastKnownFileType = sourcecode.swift; path = "CGPoint+Hashable.swift"; sourceTree = "<group>"; };
		D0CB441C29825729008C5DAD /* LevelListView.swift */ = {isa = PBXFileReference; lastKnownFileType = sourcecode.swift; path = LevelListView.swift; sourceTree = "<group>"; };
		D0CB44222982F651008C5DAD /* View+HideKeyboard.swift */ = {isa = PBXFileReference; lastKnownFileType = sourcecode.swift; path = "View+HideKeyboard.swift"; sourceTree = "<group>"; };
/* End PBXFileReference section */

/* Begin PBXFrameworksBuildPhase section */
		D03FFCA829783B9000EFAD04 /* Frameworks */ = {
			isa = PBXFrameworksBuildPhase;
			buildActionMask = 2147483647;
			files = (
			);
			runOnlyForDeploymentPostprocessing = 0;
		};
		D03FFCB829783B9300EFAD04 /* Frameworks */ = {
			isa = PBXFrameworksBuildPhase;
			buildActionMask = 2147483647;
			files = (
			);
			runOnlyForDeploymentPostprocessing = 0;
		};
/* End PBXFrameworksBuildPhase section */

/* Begin PBXGroup section */
		D0078961297E953700EB5AAE /* Views */ = {
			isa = PBXGroup;
			children = (
				D08AEB782979672C00EA1590 /* LevelDesignerView.swift */,
				D08AEB7C29796A6D00EA1590 /* PaletteView.swift */,
				D007895D297E89C900EB5AAE /* PaletteButtonView.swift */,
				D0BF3F03297BC6C800354272 /* BoardView.swift */,
				D0AEFBF029A5FBF600BCE15F /* LevelObjectView.swift */,
				D0078970297EA11400EB5AAE /* ActionView.swift */,
				D0CB441C29825729008C5DAD /* LevelListView.swift */,
				D0AEFBE829A5286600BCE15F /* DataView.swift */,
				D000EF8329A778C9009BDBBB /* LevelSelectionView.swift */,
				D0AEFBE429A5120D00BCE15F /* GamePlayerView.swift */,
			);
			path = Views;
			sourceTree = "<group>";
		};
		D0078962297E955A00EB5AAE /* ViewModels */ = {
			isa = PBXGroup;
			children = (
				D08AEB7A2979682E00EA1590 /* LevelDesignerViewModel.swift */,
				D000EF8529A7791A009BDBBB /* LevelSelectionViewModel.swift */,
				D0AEFBE629A5125B00BCE15F /* GamePlayerViewModel.swift */,
			);
			path = ViewModels;
			sourceTree = "<group>";
		};
		D0078963297E958900EB5AAE /* Lifecycle */ = {
			isa = PBXGroup;
			children = (
				D03FFCAE29783B9000EFAD04 /* PeggleApp.swift */,
			);
			path = Lifecycle;
			sourceTree = "<group>";
		};
		D0078964297E95A200EB5AAE /* Models */ = {
			isa = PBXGroup;
			children = (
				D07170BE297FD41F00C0ABAF /* Level.swift */,
				D0AEFC0629A71DEA00BCE15F /* Frame.swift */,
				D0853A7229A4E178000D0F20 /* LevelObject.swift */,
				D0BF3F07297D6F3400354272 /* Peg.swift */,
				D0853A7029A4E094000D0F20 /* Block.swift */,
				D000EF8129A76643009BDBBB /* PaletteButton.swift */,
			);
			path = Models;
			sourceTree = "<group>";
		};
		D0078965297E960400EB5AAE /* Utilities */ = {
			isa = PBXGroup;
			children = (
				D0078966297E961100EB5AAE /* PegFactory.swift */,
				D0AEFC0029A62B4200BCE15F /* Cloneable.swift */,
				D000EF8729A793F4009BDBBB /* Popup.swift */,
				D0A813E429A9CFA400279D01 /* NavigationLazyView.swift */,
			);
			path = Utilities;
			sourceTree = "<group>";
		};
		D0078968297E962A00EB5AAE /* Extensions */ = {
			isa = PBXGroup;
			children = (
				D0BF3F09297D6FB200354272 /* CGPoint+Hashable.swift */,
				D0449014298EA8E10068AA3C /* CGPoint+Utility.swift */,
				D0449012298EA7270068AA3C /* CGVector+Utility.swift */,
				D0A4DBB52994C784003925BF /* Comparable+Utility.swift */,
				D0CB44222982F651008C5DAD /* View+HideKeyboard.swift */,
				D021AD8929836B18001F63DD /* View+IsRendered.swift */,
			);
			path = Extensions;
			sourceTree = "<group>";
		};
		D0078969297E979300EB5AAE /* Constants */ = {
			isa = PBXGroup;
			children = (
				D007896E297E9C6300EB5AAE /* Constants.swift */,
			);
			path = Constants;
			sourceTree = "<group>";
		};
		D017DF9A2986A618009125B3 /* Documentation */ = {
			isa = PBXGroup;
			children = (
				D017DF9F2986A6E3009125B3 /* DeveloperGuide.md */,
			);
			path = Documentation;
			sourceTree = "<group>";
		};
		D021AD8B2983977A001F63DD /* PeggleTests */ = {
			isa = PBXGroup;
			children = (
				D04E7C482983AAB7008C5941 /* Models */,
				D04E7C492983AAD9008C5941 /* ViewModels */,
				D044E5A529975C6800CD098A /* Physics Engine */,
				D03C0CF42998226C00EBC12A /* Game Engine */,
			);
			path = PeggleTests;
			sourceTree = "<group>";
		};
		D03C0CF42998226C00EBC12A /* Game Engine */ = {
			isa = PBXGroup;
			children = (
				D03C0CF52998228400EBC12A /* PegGameObjectTests.swift */,
				D03C0CF7299825D800EBC12A /* BallGameObjectTests.swift */,
				D03C0CF9299826E200EBC12A /* CannonGameObjectTests.swift */,
			);
			path = "Game Engine";
			sourceTree = "<group>";
		};
		D03FFCA229783B9000EFAD04 = {
			isa = PBXGroup;
			children = (
				D03FFCAD29783B9000EFAD04 /* Peggle */,
				D021AD8B2983977A001F63DD /* PeggleTests */,
				D03FFCAC29783B9000EFAD04 /* Products */,
			);
			sourceTree = "<group>";
		};
		D03FFCAC29783B9000EFAD04 /* Products */ = {
			isa = PBXGroup;
			children = (
				D03FFCAB29783B9000EFAD04 /* Peggle.app */,
				D03FFCBB29783B9300EFAD04 /* PeggleTests.xctest */,
			);
			name = Products;
			sourceTree = "<group>";
		};
		D03FFCAD29783B9000EFAD04 /* Peggle */ = {
			isa = PBXGroup;
			children = (
				D09BBCE8298FAF61004340FF /* Renderer */,
				D09BBCE3298F8CBC004340FF /* Game Engine */,
				D044900D298EA2180068AA3C /* Physics Engine */,
				D017DF9A2986A618009125B3 /* Documentation */,
				D0078963297E958900EB5AAE /* Lifecycle */,
				D0078961297E953700EB5AAE /* Views */,
				D0078962297E955A00EB5AAE /* ViewModels */,
				D0078964297E95A200EB5AAE /* Models */,
				D0078968297E962A00EB5AAE /* Extensions */,
				D07170B4297FBA3F00C0ABAF /* Persistence */,
				D0078965297E960400EB5AAE /* Utilities */,
				D0078969297E979300EB5AAE /* Constants */,
				D03FFCB229783B9300EFAD04 /* Assets.xcassets */,
				D03FFCB429783B9300EFAD04 /* Preview Content */,
			);
			path = Peggle;
			sourceTree = "<group>";
		};
		D03FFCB429783B9300EFAD04 /* Preview Content */ = {
			isa = PBXGroup;
			children = (
				D03FFCB529783B9300EFAD04 /* Preview Assets.xcassets */,
			);
			path = "Preview Content";
			sourceTree = "<group>";
		};
		D044900D298EA2180068AA3C /* Physics Engine */ = {
			isa = PBXGroup;
			children = (
				D09BBCF92990C9AD004340FF /* PhysicsShape.swift */,
				D044E5B2299801AB00CD098A /* CirclePhysicsShape.swift */,
				D0AEFBF229A6087E00BCE15F /* PolygonPhysicsShape.swift */,
				D0AEFBFA29A61AEB00BCE15F /* Segment.swift */,
				D044900E298EA25A0068AA3C /* PhysicsWorld.swift */,
				D0449010298EA3EA0068AA3C /* PhysicsBody.swift */,
				D09BBD0129915B78004340FF /* DynamicPhysicsBody.swift */,
				D09BBCFF29912096004340FF /* CirclePhysicsBody.swift */,
				D09BBD0329915E04004340FF /* DynamicCirclePhysicsBody.swift */,
				D0AEFC0A29A731E700BCE15F /* PolygonPhysicsBody.swift */,
				D0AEFC0C29A7320E00BCE15F /* DynamicPolygonPhysicsBody.swift */,
				D0A4DBA1299404AB003925BF /* CollisionData.swift */,
				D044E5B4299801C400CD098A /* BodyFrameCollisionData.swift */,
				D044E5B6299801D900CD098A /* BodyBodyCollisionData.swift */,
				D0AEFBF629A609D500BCE15F /* CollisionManager.swift */,
				D0AEFBF429A6098100BCE15F /* Collidable.swift */,
				D0AEFC0429A71DB600BCE15F /* FrameCollidable.swift */,
				D0AEFC0229A71BB700BCE15F /* BodyCollidable.swift */,
				D0AEFBFC29A6227600BCE15F /* CircleCollidable.swift */,
				D0AEFBFE29A622A400BCE15F /* PolygonCollidable.swift */,
			);
			path = "Physics Engine";
			sourceTree = "<group>";
		};
		D044E5A529975C6800CD098A /* Physics Engine */ = {
			isa = PBXGroup;
			children = (
				D044E5AA2997626200CD098A /* CirclePhysicsShapeTests.swift */,
				D03C0CF02998095500EBC12A /* CircleFrameCollisionDataTests.swift */,
				D044E5B02998019100CD098A /* CircleCircleCollisionDataTests.swift */,
				D03C0CF229980B4A00EBC12A /* PhysicsWorldTests.swift */,
			);
			path = "Physics Engine";
			sourceTree = "<group>";
		};
		D04E7C482983AAB7008C5941 /* Models */ = {
			isa = PBXGroup;
			children = (
				D021AD8D298397D2001F63DD /* LevelTests.swift */,
				D04E7C462983A1DF008C5941 /* PegTests.swift */,
			);
			path = Models;
			sourceTree = "<group>";
		};
		D04E7C492983AAD9008C5941 /* ViewModels */ = {
			isa = PBXGroup;
			children = (
				D04E7C5629845074008C5941 /* LevelDesignerViewModelTests.swift */,
				D04E7C5429844CF1008C5941 /* PaletteViewModelTests.swift */,
				D04E7C5229844B72008C5941 /* PaletteButtonViewModelTests.swift */,
				D04E7C50298439F2008C5941 /* BoardViewModelTests.swift */,
				D04E7C4E2983F5B4008C5941 /* PegViewModelTests.swift */,
				D04E7C4C2983D273008C5941 /* ActionViewModelTests.swift */,
				D04E7C4A2983AAFE008C5941 /* LevelListViewModelTests.swift */,
			);
			path = ViewModels;
			sourceTree = "<group>";
		};
		D07170B4297FBA3F00C0ABAF /* Persistence */ = {
			isa = PBXGroup;
			children = (
				D07170B5297FBB4C00C0ABAF /* DataManager.swift */,
			);
			path = Persistence;
			sourceTree = "<group>";
		};
		D09BBCE3298F8CBC004340FF /* Game Engine */ = {
			isa = PBXGroup;
			children = (
				D09BBCE4298F8F35004340FF /* GameEngine.swift */,
				D09BBCEF298FE027004340FF /* GameEngineDelegate.swift */,
				D0A4DBAF2994A8B7003925BF /* CollidableGameObject.swift */,
				D09BBCF12990019D004340FF /* PegGameObject.swift */,
				D0AEFC0E29A739FA00BCE15F /* BlockGameObject.swift */,
				D09BBCF72990C87B004340FF /* BallGameObject.swift */,
				D0A4DB9B29936EC0003925BF /* CannonGameObject.swift */,
				D0AEFBE229A50D6F00BCE15F /* BucketGameObject.swift */,
				D000EF8D29A7A0F8009BDBBB /* GameCharacter.swift */,
				D000EF8F29A7A1C1009BDBBB /* KaboomCharacter.swift */,
				D000EF9129A858E8009BDBBB /* SpookyCharacter.swift */,
				D000EF9329A88053009BDBBB /* GameMode.swift */,
				D000EF9529A880F9009BDBBB /* NormalMode.swift */,
				D000EF9729A8D5F2009BDBBB /* BeatTheScoreMode.swift */,
				D000EF9929A8E65E009BDBBB /* SiamLeftSiamRightMode.swift */,
			);
			path = "Game Engine";
			sourceTree = "<group>";
		};
		D09BBCE8298FAF61004340FF /* Renderer */ = {
			isa = PBXGroup;
			children = (
				D09BBCE9298FAF75004340FF /* Renderer.swift */,
				D0A4DB932992921E003925BF /* RendererView.swift */,
				D000EF8929A799CA009BDBBB /* GameOverModalView.swift */,
				D000EF8B29A79DC5009BDBBB /* GamePresetModalView.swift */,
				D0A4DBB12994A8D6003925BF /* GameView.swift */,
				D09BBCF529900589004340FF /* PegGameView.swift */,
				D0AEFC1029A73B2200BCE15F /* BlockGameView.swift */,
				D09BBCFB29910977004340FF /* BallGameView.swift */,
				D0A4DB91299290D0003925BF /* CannonGameView.swift */,
				D0AEFBE029A50D5200BCE15F /* BucketGameView.swift */,
				D0A4DB9D29937065003925BF /* SpriteView.swift */,
			);
			path = Renderer;
			sourceTree = "<group>";
		};
/* End PBXGroup section */

/* Begin PBXNativeTarget section */
		D03FFCAA29783B9000EFAD04 /* Peggle */ = {
			isa = PBXNativeTarget;
			buildConfigurationList = D03FFCCF29783B9300EFAD04 /* Build configuration list for PBXNativeTarget "Peggle" */;
			buildPhases = (
				D0078972297EA64A00EB5AAE /* Run SwiftLint */,
				D03FFCA729783B9000EFAD04 /* Sources */,
				D03FFCA829783B9000EFAD04 /* Frameworks */,
				D03FFCA929783B9000EFAD04 /* Resources */,
			);
			buildRules = (
			);
			dependencies = (
			);
			name = Peggle;
			productName = Peggle;
			productReference = D03FFCAB29783B9000EFAD04 /* Peggle.app */;
			productType = "com.apple.product-type.application";
		};
		D03FFCBA29783B9300EFAD04 /* PeggleTests */ = {
			isa = PBXNativeTarget;
			buildConfigurationList = D03FFCD229783B9300EFAD04 /* Build configuration list for PBXNativeTarget "PeggleTests" */;
			buildPhases = (
				D017DF9929869322009125B3 /* Run SwiftLint */,
				D03FFCB729783B9300EFAD04 /* Sources */,
				D03FFCB829783B9300EFAD04 /* Frameworks */,
				D03FFCB929783B9300EFAD04 /* Resources */,
			);
			buildRules = (
			);
			dependencies = (
				D03FFCBD29783B9300EFAD04 /* PBXTargetDependency */,
			);
			name = PeggleTests;
			productName = PeggleTests;
			productReference = D03FFCBB29783B9300EFAD04 /* PeggleTests.xctest */;
			productType = "com.apple.product-type.bundle.unit-test";
		};
/* End PBXNativeTarget section */

/* Begin PBXProject section */
		D03FFCA329783B9000EFAD04 /* Project object */ = {
			isa = PBXProject;
			attributes = {
				BuildIndependentTargetsInParallel = 1;
				LastSwiftUpdateCheck = 1420;
				LastUpgradeCheck = 1420;
				TargetAttributes = {
					D03FFCAA29783B9000EFAD04 = {
						CreatedOnToolsVersion = 14.2;
					};
					D03FFCBA29783B9300EFAD04 = {
						CreatedOnToolsVersion = 14.2;
						LastSwiftMigration = 1420;
						TestTargetID = D03FFCAA29783B9000EFAD04;
					};
				};
			};
			buildConfigurationList = D03FFCA629783B9000EFAD04 /* Build configuration list for PBXProject "Peggle" */;
			compatibilityVersion = "Xcode 14.0";
			developmentRegion = en;
			hasScannedForEncodings = 0;
			knownRegions = (
				en,
				Base,
			);
			mainGroup = D03FFCA229783B9000EFAD04;
			productRefGroup = D03FFCAC29783B9000EFAD04 /* Products */;
			projectDirPath = "";
			projectRoot = "";
			targets = (
				D03FFCAA29783B9000EFAD04 /* Peggle */,
				D03FFCBA29783B9300EFAD04 /* PeggleTests */,
			);
		};
/* End PBXProject section */

/* Begin PBXResourcesBuildPhase section */
		D03FFCA929783B9000EFAD04 /* Resources */ = {
			isa = PBXResourcesBuildPhase;
			buildActionMask = 2147483647;
			files = (
				D03FFCB629783B9300EFAD04 /* Preview Assets.xcassets in Resources */,
				D03FFCB329783B9300EFAD04 /* Assets.xcassets in Resources */,
				D017DFA02986A6E3009125B3 /* DeveloperGuide.md in Resources */,
			);
			runOnlyForDeploymentPostprocessing = 0;
		};
		D03FFCB929783B9300EFAD04 /* Resources */ = {
			isa = PBXResourcesBuildPhase;
			buildActionMask = 2147483647;
			files = (
			);
			runOnlyForDeploymentPostprocessing = 0;
		};
/* End PBXResourcesBuildPhase section */

/* Begin PBXShellScriptBuildPhase section */
		D0078972297EA64A00EB5AAE /* Run SwiftLint */ = {
			isa = PBXShellScriptBuildPhase;
			alwaysOutOfDate = 1;
			buildActionMask = 2147483647;
			files = (
			);
			inputFileListPaths = (
			);
			inputPaths = (
			);
			name = "Run SwiftLint";
			outputFileListPaths = (
			);
			outputPaths = (
			);
			runOnlyForDeploymentPostprocessing = 0;
			shellPath = /bin/sh;
			shellScript = "export PATH=\"$PATH:/opt/homebrew/bin\"\nif which swiftlint >/dev/null; then\n  swiftlint --fix && swiftlint\nelse\n  echo \"warning: SwiftLint not installed, download from https://github.com/realm/SwiftLint\"\nfi\n";
		};
		D017DF9929869322009125B3 /* Run SwiftLint */ = {
			isa = PBXShellScriptBuildPhase;
			alwaysOutOfDate = 1;
			buildActionMask = 2147483647;
			files = (
			);
			inputFileListPaths = (
			);
			inputPaths = (
			);
			name = "Run SwiftLint";
			outputFileListPaths = (
			);
			outputPaths = (
			);
			runOnlyForDeploymentPostprocessing = 0;
			shellPath = /bin/sh;
			shellScript = "export PATH=\"$PATH:/opt/homebrew/bin\"\nif which swiftlint >/dev/null; then\n  swiftlint --fix && swiftlint\nelse\n  echo \"warning: SwiftLint not installed, download from https://github.com/realm/SwiftLint\"\nfi\n";
		};
/* End PBXShellScriptBuildPhase section */

/* Begin PBXSourcesBuildPhase section */
		D03FFCA729783B9000EFAD04 /* Sources */ = {
			isa = PBXSourcesBuildPhase;
			buildActionMask = 2147483647;
			files = (
				D0AEFBF729A609D500BCE15F /* CollisionManager.swift in Sources */,
				D09BBCFA2990C9AD004340FF /* PhysicsShape.swift in Sources */,
				D08AEB7B2979682E00EA1590 /* LevelDesignerViewModel.swift in Sources */,
				D0A4DB942992921E003925BF /* RendererView.swift in Sources */,
				D09BBCE5298F8F35004340FF /* GameEngine.swift in Sources */,
				D0AEFC1129A73B2200BCE15F /* BlockGameView.swift in Sources */,
				D08AEB792979672C00EA1590 /* LevelDesignerView.swift in Sources */,
				D000EF8429A778C9009BDBBB /* LevelSelectionView.swift in Sources */,
				D021AD8A29836B18001F63DD /* View+IsRendered.swift in Sources */,
				D0AEFBE129A50D5200BCE15F /* BucketGameView.swift in Sources */,
				D0AEFBF129A5FBF600BCE15F /* LevelObjectView.swift in Sources */,
				D000EF8229A76643009BDBBB /* PaletteButton.swift in Sources */,
				D0AEFBFB29A61AEB00BCE15F /* Segment.swift in Sources */,
				D0853A7329A4E178000D0F20 /* LevelObject.swift in Sources */,
				D000EF9229A858E8009BDBBB /* SpookyCharacter.swift in Sources */,
				D000EF9029A7A1C1009BDBBB /* KaboomCharacter.swift in Sources */,
				D07170B6297FBB4C00C0ABAF /* DataManager.swift in Sources */,
				D0A4DBB62994C784003925BF /* Comparable+Utility.swift in Sources */,
				D09BBD0429915E04004340FF /* DynamicCirclePhysicsBody.swift in Sources */,
				D09BBD0029912096004340FF /* CirclePhysicsBody.swift in Sources */,
				D0AEFBF529A6098100BCE15F /* Collidable.swift in Sources */,
				D0AEFC0D29A7320F00BCE15F /* DynamicPolygonPhysicsBody.swift in Sources */,
				D0449011298EA3EA0068AA3C /* PhysicsBody.swift in Sources */,
				D000EF9829A8D5F2009BDBBB /* BeatTheScoreMode.swift in Sources */,
				D0AEFC0529A71DB600BCE15F /* FrameCollidable.swift in Sources */,
				D0BF3F08297D6F3400354272 /* Peg.swift in Sources */,
				D0AEFBE929A5286700BCE15F /* DataView.swift in Sources */,
				D000EF9A29A8E65E009BDBBB /* SiamLeftSiamRightMode.swift in Sources */,
				D0AEFBFF29A622A400BCE15F /* PolygonCollidable.swift in Sources */,
				D000EF8629A7791A009BDBBB /* LevelSelectionViewModel.swift in Sources */,
				D0BF3F0A297D6FB200354272 /* CGPoint+Hashable.swift in Sources */,
				D0449013298EA7270068AA3C /* CGVector+Utility.swift in Sources */,
				D0AEFBE529A5120D00BCE15F /* GamePlayerView.swift in Sources */,
				D09BBCEA298FAF75004340FF /* Renderer.swift in Sources */,
				D000EF9429A88053009BDBBB /* GameMode.swift in Sources */,
				D08AEB7D29796A6D00EA1590 /* PaletteView.swift in Sources */,
				D09BBCF82990C87B004340FF /* BallGameObject.swift in Sources */,
				D007895E297E89C900EB5AAE /* PaletteButtonView.swift in Sources */,
				D03FFCAF29783B9000EFAD04 /* PeggleApp.swift in Sources */,
				D0AEFC0129A62B4200BCE15F /* Cloneable.swift in Sources */,
				D044E5B5299801C400CD098A /* BodyFrameCollisionData.swift in Sources */,
				D0BF3F04297BC6C800354272 /* BoardView.swift in Sources */,
				D000EF8A29A799CA009BDBBB /* GameOverModalView.swift in Sources */,
				D0AEFBE329A50D6F00BCE15F /* BucketGameObject.swift in Sources */,
				D0CB441D29825729008C5DAD /* LevelListView.swift in Sources */,
				D0853A7129A4E094000D0F20 /* Block.swift in Sources */,
				D000EF9629A880F9009BDBBB /* NormalMode.swift in Sources */,
				D09BBCF22990019D004340FF /* PegGameObject.swift in Sources */,
				D0AEFC0F29A739FA00BCE15F /* BlockGameObject.swift in Sources */,
				D0AEFC0329A71BB700BCE15F /* BodyCollidable.swift in Sources */,
				D044900F298EA25A0068AA3C /* PhysicsWorld.swift in Sources */,
				D07170BF297FD41F00C0ABAF /* Level.swift in Sources */,
				D09BBCF0298FE027004340FF /* GameEngineDelegate.swift in Sources */,
				D0078971297EA11400EB5AAE /* ActionView.swift in Sources */,
				D044E5B3299801AB00CD098A /* CirclePhysicsShape.swift in Sources */,
				D0A4DB92299290D0003925BF /* CannonGameView.swift in Sources */,
				D09BBD0229915B78004340FF /* DynamicPhysicsBody.swift in Sources */,
				D0AEFBFD29A6227600BCE15F /* CircleCollidable.swift in Sources */,
				D0AEFC0729A71DEA00BCE15F /* Frame.swift in Sources */,
				D0A4DB9E29937065003925BF /* SpriteView.swift in Sources */,
				D0A4DBA2299404AB003925BF /* CollisionData.swift in Sources */,
				D09BBCF62990058A004340FF /* PegGameView.swift in Sources */,
				D000EF8C29A79DC5009BDBBB /* GamePresetModalView.swift in Sources */,
				D0CB44232982F651008C5DAD /* View+HideKeyboard.swift in Sources */,
				D0A813E529A9CFA400279D01 /* NavigationLazyView.swift in Sources */,
				D0AEFBF329A6087E00BCE15F /* PolygonPhysicsShape.swift in Sources */,
				D09BBCFC29910977004340FF /* BallGameView.swift in Sources */,
				D0AEFBE729A5125B00BCE15F /* GamePlayerViewModel.swift in Sources */,
				D0078967297E961100EB5AAE /* PegFactory.swift in Sources */,
				D007896F297E9C6300EB5AAE /* Constants.swift in Sources */,
				D000EF8829A793F4009BDBBB /* Popup.swift in Sources */,
				D0449015298EA8E10068AA3C /* CGPoint+Utility.swift in Sources */,
				D0A4DB9C29936EC0003925BF /* CannonGameObject.swift in Sources */,
				D044E5B7299801D900CD098A /* BodyBodyCollisionData.swift in Sources */,
				D000EF8E29A7A0F8009BDBBB /* GameCharacter.swift in Sources */,
				D0A4DBB22994A8D6003925BF /* GameView.swift in Sources */,
				D0AEFC0B29A731E700BCE15F /* PolygonPhysicsBody.swift in Sources */,
				D0A4DBB02994A8B7003925BF /* CollidableGameObject.swift in Sources */,
			);
			runOnlyForDeploymentPostprocessing = 0;
		};
		D03FFCB729783B9300EFAD04 /* Sources */ = {
			isa = PBXSourcesBuildPhase;
			buildActionMask = 2147483647;
			files = (
				D03C0CF12998095500EBC12A /* CircleFrameCollisionDataTests.swift in Sources */,
				D04E7C4B2983AAFE008C5941 /* LevelListViewModelTests.swift in Sources */,
				D04E7C472983A1DF008C5941 /* PegTests.swift in Sources */,
				D03C0CF329980B4A00EBC12A /* PhysicsWorldTests.swift in Sources */,
				D04E7C4D2983D273008C5941 /* ActionViewModelTests.swift in Sources */,
				D044E5AB2997626200CD098A /* CirclePhysicsShapeTests.swift in Sources */,
				D04E7C4F2983F5B4008C5941 /* PegViewModelTests.swift in Sources */,
				D03C0CFA299826E200EBC12A /* CannonGameObjectTests.swift in Sources */,
				D03C0CF62998228400EBC12A /* PegGameObjectTests.swift in Sources */,
				D04E7C5729845074008C5941 /* LevelDesignerViewModelTests.swift in Sources */,
				D044E5B12998019100CD098A /* CircleCircleCollisionDataTests.swift in Sources */,
				D04E7C5529844CF1008C5941 /* PaletteViewModelTests.swift in Sources */,
				D021AD8E298397D2001F63DD /* LevelTests.swift in Sources */,
				D04E7C5329844B72008C5941 /* PaletteButtonViewModelTests.swift in Sources */,
				D04E7C51298439F2008C5941 /* BoardViewModelTests.swift in Sources */,
				D03C0CF8299825D800EBC12A /* BallGameObjectTests.swift in Sources */,
			);
			runOnlyForDeploymentPostprocessing = 0;
		};
/* End PBXSourcesBuildPhase section */

/* Begin PBXTargetDependency section */
		D03FFCBD29783B9300EFAD04 /* PBXTargetDependency */ = {
			isa = PBXTargetDependency;
			target = D03FFCAA29783B9000EFAD04 /* Peggle */;
			targetProxy = D03FFCBC29783B9300EFAD04 /* PBXContainerItemProxy */;
		};
/* End PBXTargetDependency section */

/* Begin XCBuildConfiguration section */
		D03FFCCD29783B9300EFAD04 /* Debug */ = {
			isa = XCBuildConfiguration;
			buildSettings = {
				ALWAYS_SEARCH_USER_PATHS = NO;
				CLANG_ANALYZER_NONNULL = YES;
				CLANG_ANALYZER_NUMBER_OBJECT_CONVERSION = YES_AGGRESSIVE;
				CLANG_CXX_LANGUAGE_STANDARD = "gnu++20";
				CLANG_ENABLE_MODULES = YES;
				CLANG_ENABLE_OBJC_ARC = YES;
				CLANG_ENABLE_OBJC_WEAK = YES;
				CLANG_WARN_BLOCK_CAPTURE_AUTORELEASING = YES;
				CLANG_WARN_BOOL_CONVERSION = YES;
				CLANG_WARN_COMMA = YES;
				CLANG_WARN_CONSTANT_CONVERSION = YES;
				CLANG_WARN_DEPRECATED_OBJC_IMPLEMENTATIONS = YES;
				CLANG_WARN_DIRECT_OBJC_ISA_USAGE = YES_ERROR;
				CLANG_WARN_DOCUMENTATION_COMMENTS = YES;
				CLANG_WARN_EMPTY_BODY = YES;
				CLANG_WARN_ENUM_CONVERSION = YES;
				CLANG_WARN_INFINITE_RECURSION = YES;
				CLANG_WARN_INT_CONVERSION = YES;
				CLANG_WARN_NON_LITERAL_NULL_CONVERSION = YES;
				CLANG_WARN_OBJC_IMPLICIT_RETAIN_SELF = YES;
				CLANG_WARN_OBJC_LITERAL_CONVERSION = YES;
				CLANG_WARN_OBJC_ROOT_CLASS = YES_ERROR;
				CLANG_WARN_QUOTED_INCLUDE_IN_FRAMEWORK_HEADER = YES;
				CLANG_WARN_RANGE_LOOP_ANALYSIS = YES;
				CLANG_WARN_STRICT_PROTOTYPES = YES;
				CLANG_WARN_SUSPICIOUS_MOVE = YES;
				CLANG_WARN_UNGUARDED_AVAILABILITY = YES_AGGRESSIVE;
				CLANG_WARN_UNREACHABLE_CODE = YES;
				CLANG_WARN__DUPLICATE_METHOD_MATCH = YES;
				COPY_PHASE_STRIP = NO;
				DEBUG_INFORMATION_FORMAT = dwarf;
				ENABLE_STRICT_OBJC_MSGSEND = YES;
				ENABLE_TESTABILITY = YES;
				GCC_C_LANGUAGE_STANDARD = gnu11;
				GCC_DYNAMIC_NO_PIC = NO;
				GCC_NO_COMMON_BLOCKS = YES;
				GCC_OPTIMIZATION_LEVEL = 0;
				GCC_PREPROCESSOR_DEFINITIONS = (
					"DEBUG=1",
					"$(inherited)",
				);
				GCC_WARN_64_TO_32_BIT_CONVERSION = YES;
				GCC_WARN_ABOUT_RETURN_TYPE = YES_ERROR;
				GCC_WARN_UNDECLARED_SELECTOR = YES;
				GCC_WARN_UNINITIALIZED_AUTOS = YES_AGGRESSIVE;
				GCC_WARN_UNUSED_FUNCTION = YES;
				GCC_WARN_UNUSED_VARIABLE = YES;
				IPHONEOS_DEPLOYMENT_TARGET = 16.2;
				MTL_ENABLE_DEBUG_INFO = INCLUDE_SOURCE;
				MTL_FAST_MATH = YES;
				ONLY_ACTIVE_ARCH = YES;
				SDKROOT = iphoneos;
				SWIFT_ACTIVE_COMPILATION_CONDITIONS = DEBUG;
				SWIFT_OPTIMIZATION_LEVEL = "-Onone";
			};
			name = Debug;
		};
		D03FFCCE29783B9300EFAD04 /* Release */ = {
			isa = XCBuildConfiguration;
			buildSettings = {
				ALWAYS_SEARCH_USER_PATHS = NO;
				CLANG_ANALYZER_NONNULL = YES;
				CLANG_ANALYZER_NUMBER_OBJECT_CONVERSION = YES_AGGRESSIVE;
				CLANG_CXX_LANGUAGE_STANDARD = "gnu++20";
				CLANG_ENABLE_MODULES = YES;
				CLANG_ENABLE_OBJC_ARC = YES;
				CLANG_ENABLE_OBJC_WEAK = YES;
				CLANG_WARN_BLOCK_CAPTURE_AUTORELEASING = YES;
				CLANG_WARN_BOOL_CONVERSION = YES;
				CLANG_WARN_COMMA = YES;
				CLANG_WARN_CONSTANT_CONVERSION = YES;
				CLANG_WARN_DEPRECATED_OBJC_IMPLEMENTATIONS = YES;
				CLANG_WARN_DIRECT_OBJC_ISA_USAGE = YES_ERROR;
				CLANG_WARN_DOCUMENTATION_COMMENTS = YES;
				CLANG_WARN_EMPTY_BODY = YES;
				CLANG_WARN_ENUM_CONVERSION = YES;
				CLANG_WARN_INFINITE_RECURSION = YES;
				CLANG_WARN_INT_CONVERSION = YES;
				CLANG_WARN_NON_LITERAL_NULL_CONVERSION = YES;
				CLANG_WARN_OBJC_IMPLICIT_RETAIN_SELF = YES;
				CLANG_WARN_OBJC_LITERAL_CONVERSION = YES;
				CLANG_WARN_OBJC_ROOT_CLASS = YES_ERROR;
				CLANG_WARN_QUOTED_INCLUDE_IN_FRAMEWORK_HEADER = YES;
				CLANG_WARN_RANGE_LOOP_ANALYSIS = YES;
				CLANG_WARN_STRICT_PROTOTYPES = YES;
				CLANG_WARN_SUSPICIOUS_MOVE = YES;
				CLANG_WARN_UNGUARDED_AVAILABILITY = YES_AGGRESSIVE;
				CLANG_WARN_UNREACHABLE_CODE = YES;
				CLANG_WARN__DUPLICATE_METHOD_MATCH = YES;
				COPY_PHASE_STRIP = NO;
				DEBUG_INFORMATION_FORMAT = "dwarf-with-dsym";
				ENABLE_NS_ASSERTIONS = NO;
				ENABLE_STRICT_OBJC_MSGSEND = YES;
				GCC_C_LANGUAGE_STANDARD = gnu11;
				GCC_NO_COMMON_BLOCKS = YES;
				GCC_WARN_64_TO_32_BIT_CONVERSION = YES;
				GCC_WARN_ABOUT_RETURN_TYPE = YES_ERROR;
				GCC_WARN_UNDECLARED_SELECTOR = YES;
				GCC_WARN_UNINITIALIZED_AUTOS = YES_AGGRESSIVE;
				GCC_WARN_UNUSED_FUNCTION = YES;
				GCC_WARN_UNUSED_VARIABLE = YES;
				IPHONEOS_DEPLOYMENT_TARGET = 16.2;
				MTL_ENABLE_DEBUG_INFO = NO;
				MTL_FAST_MATH = YES;
				SDKROOT = iphoneos;
				SWIFT_COMPILATION_MODE = wholemodule;
				SWIFT_OPTIMIZATION_LEVEL = "-O";
				VALIDATE_PRODUCT = YES;
			};
			name = Release;
		};
		D03FFCD029783B9300EFAD04 /* Debug */ = {
			isa = XCBuildConfiguration;
			buildSettings = {
				ASSETCATALOG_COMPILER_APPICON_NAME = AppIcon;
				ASSETCATALOG_COMPILER_GLOBAL_ACCENT_COLOR_NAME = AccentColor;
				CODE_SIGN_STYLE = Automatic;
				CURRENT_PROJECT_VERSION = 1;
				DEVELOPMENT_ASSET_PATHS = "\"Peggle/Preview Content\"";
				DEVELOPMENT_TEAM = X77GX48L42;
				ENABLE_PREVIEWS = YES;
				GENERATE_INFOPLIST_FILE = YES;
				INFOPLIST_KEY_UIApplicationSceneManifest_Generation = YES;
				INFOPLIST_KEY_UIApplicationSupportsIndirectInputEvents = YES;
				INFOPLIST_KEY_UILaunchScreen_Generation = YES;
				INFOPLIST_KEY_UIRequiresFullScreen = YES;
				INFOPLIST_KEY_UISupportedInterfaceOrientations_iPad = "UIInterfaceOrientationPortrait UIInterfaceOrientationPortraitUpsideDown";
				LD_RUNPATH_SEARCH_PATHS = (
					"$(inherited)",
					"@executable_path/Frameworks",
				);
				MARKETING_VERSION = 1.0;
				PRODUCT_BUNDLE_IDENTIFIER = com.petermonky.Peggle;
				PRODUCT_NAME = "$(TARGET_NAME)";
				SWIFT_EMIT_LOC_STRINGS = YES;
				SWIFT_VERSION = 5.0;
				TARGETED_DEVICE_FAMILY = "1,2";
			};
			name = Debug;
		};
		D03FFCD129783B9300EFAD04 /* Release */ = {
			isa = XCBuildConfiguration;
			buildSettings = {
				ASSETCATALOG_COMPILER_APPICON_NAME = AppIcon;
				ASSETCATALOG_COMPILER_GLOBAL_ACCENT_COLOR_NAME = AccentColor;
				CODE_SIGN_STYLE = Automatic;
				CURRENT_PROJECT_VERSION = 1;
				DEVELOPMENT_ASSET_PATHS = "\"Peggle/Preview Content\"";
				DEVELOPMENT_TEAM = X77GX48L42;
				ENABLE_PREVIEWS = YES;
				GENERATE_INFOPLIST_FILE = YES;
				INFOPLIST_KEY_UIApplicationSceneManifest_Generation = YES;
				INFOPLIST_KEY_UIApplicationSupportsIndirectInputEvents = YES;
				INFOPLIST_KEY_UILaunchScreen_Generation = YES;
				INFOPLIST_KEY_UIRequiresFullScreen = YES;
				INFOPLIST_KEY_UISupportedInterfaceOrientations_iPad = "UIInterfaceOrientationPortrait UIInterfaceOrientationPortraitUpsideDown";
				LD_RUNPATH_SEARCH_PATHS = (
					"$(inherited)",
					"@executable_path/Frameworks",
				);
				MARKETING_VERSION = 1.0;
				PRODUCT_BUNDLE_IDENTIFIER = com.petermonky.Peggle;
				PRODUCT_NAME = "$(TARGET_NAME)";
				SWIFT_EMIT_LOC_STRINGS = YES;
				SWIFT_VERSION = 5.0;
				TARGETED_DEVICE_FAMILY = "1,2";
			};
			name = Release;
		};
		D03FFCD329783B9300EFAD04 /* Debug */ = {
			isa = XCBuildConfiguration;
			buildSettings = {
				ALWAYS_EMBED_SWIFT_STANDARD_LIBRARIES = YES;
				BUNDLE_LOADER = "$(TEST_HOST)";
				CLANG_ENABLE_MODULES = YES;
				CODE_SIGN_STYLE = Automatic;
				CURRENT_PROJECT_VERSION = 1;
				DEVELOPMENT_TEAM = X77GX48L42;
				GENERATE_INFOPLIST_FILE = YES;
				IPHONEOS_DEPLOYMENT_TARGET = 16.2;
				LD_RUNPATH_SEARCH_PATHS = (
					"$(inherited)",
					"@executable_path/Frameworks",
					"@loader_path/Frameworks",
				);
				MARKETING_VERSION = 1.0;
				PRODUCT_BUNDLE_IDENTIFIER = com.petermonky.PeggleTests;
				PRODUCT_NAME = "$(TARGET_NAME)";
				SWIFT_EMIT_LOC_STRINGS = NO;
				SWIFT_OPTIMIZATION_LEVEL = "-Onone";
				SWIFT_VERSION = 5.0;
				TARGETED_DEVICE_FAMILY = "1,2";
				TEST_HOST = "$(BUILT_PRODUCTS_DIR)/Peggle.app/$(BUNDLE_EXECUTABLE_FOLDER_PATH)/Peggle";
			};
			name = Debug;
		};
		D03FFCD429783B9300EFAD04 /* Release */ = {
			isa = XCBuildConfiguration;
			buildSettings = {
				ALWAYS_EMBED_SWIFT_STANDARD_LIBRARIES = YES;
				BUNDLE_LOADER = "$(TEST_HOST)";
				CLANG_ENABLE_MODULES = YES;
				CODE_SIGN_STYLE = Automatic;
				CURRENT_PROJECT_VERSION = 1;
				DEVELOPMENT_TEAM = X77GX48L42;
				GENERATE_INFOPLIST_FILE = YES;
				IPHONEOS_DEPLOYMENT_TARGET = 16.2;
				LD_RUNPATH_SEARCH_PATHS = (
					"$(inherited)",
					"@executable_path/Frameworks",
					"@loader_path/Frameworks",
				);
				MARKETING_VERSION = 1.0;
				PRODUCT_BUNDLE_IDENTIFIER = com.petermonky.PeggleTests;
				PRODUCT_NAME = "$(TARGET_NAME)";
				SWIFT_EMIT_LOC_STRINGS = NO;
				SWIFT_VERSION = 5.0;
				TARGETED_DEVICE_FAMILY = "1,2";
				TEST_HOST = "$(BUILT_PRODUCTS_DIR)/Peggle.app/$(BUNDLE_EXECUTABLE_FOLDER_PATH)/Peggle";
			};
			name = Release;
		};
/* End XCBuildConfiguration section */

/* Begin XCConfigurationList section */
		D03FFCA629783B9000EFAD04 /* Build configuration list for PBXProject "Peggle" */ = {
			isa = XCConfigurationList;
			buildConfigurations = (
				D03FFCCD29783B9300EFAD04 /* Debug */,
				D03FFCCE29783B9300EFAD04 /* Release */,
			);
			defaultConfigurationIsVisible = 0;
			defaultConfigurationName = Release;
		};
		D03FFCCF29783B9300EFAD04 /* Build configuration list for PBXNativeTarget "Peggle" */ = {
			isa = XCConfigurationList;
			buildConfigurations = (
				D03FFCD029783B9300EFAD04 /* Debug */,
				D03FFCD129783B9300EFAD04 /* Release */,
			);
			defaultConfigurationIsVisible = 0;
			defaultConfigurationName = Release;
		};
		D03FFCD229783B9300EFAD04 /* Build configuration list for PBXNativeTarget "PeggleTests" */ = {
			isa = XCConfigurationList;
			buildConfigurations = (
				D03FFCD329783B9300EFAD04 /* Debug */,
				D03FFCD429783B9300EFAD04 /* Release */,
			);
			defaultConfigurationIsVisible = 0;
			defaultConfigurationName = Release;
		};
/* End XCConfigurationList section */
	};
	rootObject = D03FFCA329783B9000EFAD04 /* Project object */;
}
